// !$*UTF8*$!
{
	archiveVersion = 1;
	classes = {
	};
	objectVersion = 56;
	objects = {

/* Begin PBXBuildFile section */
		162E59DA2AD3AC920027A476 /* SessionStartView+Extension.swift in Sources */ = {isa = PBXBuildFile; fileRef = 162E59D92AD3AC920027A476 /* SessionStartView+Extension.swift */; };
		1695CAE42AD4E62500858071 /* Date+Extension.swift in Sources */ = {isa = PBXBuildFile; fileRef = 1695CAE32AD4E62500858071 /* Date+Extension.swift */; };
		16A84F782AD7E0F600C28F5F /* SessionStartMidView.swift in Sources */ = {isa = PBXBuildFile; fileRef = 16A84F772AD7E0F600C28F5F /* SessionStartMidView.swift */; };
		16DBA63F2AC1D5B900315ED7 /* GroupCollectionViewCell.swift in Sources */ = {isa = PBXBuildFile; fileRef = 16DBA63E2AC1D5B900315ED7 /* GroupCollectionViewCell.swift */; };
		16E42C462AC40A510031486E /* ModalQueueViewController.swift in Sources */ = {isa = PBXBuildFile; fileRef = 16E42C452AC40A510031486E /* ModalQueueViewController.swift */; };
		16E42C482AC411A20031486E /* SessionMapViewController.swift in Sources */ = {isa = PBXBuildFile; fileRef = 16E42C472AC411A20031486E /* SessionMapViewController.swift */; };
		B8A20E3D2AC0B46E00F0CE91 /* FirebaseAnalytics in Frameworks */ = {isa = PBXBuildFile; productRef = B8A20E3C2AC0B46E00F0CE91 /* FirebaseAnalytics */; };
		B8A20E3F2AC0B46E00F0CE91 /* FirebaseAuth in Frameworks */ = {isa = PBXBuildFile; productRef = B8A20E3E2AC0B46E00F0CE91 /* FirebaseAuth */; };
		B8A20E422AC0BC8900F0CE91 /* LoginViewController.swift in Sources */ = {isa = PBXBuildFile; fileRef = B8A20E412AC0BC8900F0CE91 /* LoginViewController.swift */; };
		B8A3EFD92AC5F28100433F5C /* MyPageViewController.swift in Sources */ = {isa = PBXBuildFile; fileRef = B8A3EFD82AC5F28100433F5C /* MyPageViewController.swift */; };
		B8A3EFDB2AC5F5B400433F5C /* SettingsViewController.swift in Sources */ = {isa = PBXBuildFile; fileRef = B8A3EFDA2AC5F5B400433F5C /* SettingsViewController.swift */; };
		B8A3EFDD2AC5F5C600433F5C /* FriendListViewController.swift in Sources */ = {isa = PBXBuildFile; fileRef = B8A3EFDC2AC5F5C600433F5C /* FriendListViewController.swift */; };
		B8A3EFDF2AC9090C00433F5C /* GoogleService-Info.plist in Resources */ = {isa = PBXBuildFile; fileRef = B8A3EFDE2AC9090C00433F5C /* GoogleService-Info.plist */; };
		B8D73ABF2AD2914200D211DE /* SettingsView.swift in Sources */ = {isa = PBXBuildFile; fileRef = B8D73ABE2AD2914200D211DE /* SettingsView.swift */; };
		B8D73AC12AD29D6E00D211DE /* PrivacyView.swift in Sources */ = {isa = PBXBuildFile; fileRef = B8D73AC02AD29D6E00D211DE /* PrivacyView.swift */; };
		B8D73AC32AD2FBE600D211DE /* InquiryView.swift in Sources */ = {isa = PBXBuildFile; fileRef = B8D73AC22AD2FBE600D211DE /* InquiryView.swift */; };
		B8DD15DE2AD4619B00685E48 /* FriendListView.swift in Sources */ = {isa = PBXBuildFile; fileRef = B8DD15DD2AD4619B00685E48 /* FriendListView.swift */; };
		B8DD15E02AD4677800685E48 /* FriendListTableViewCell.swift in Sources */ = {isa = PBXBuildFile; fileRef = B8DD15DF2AD4677800685E48 /* FriendListTableViewCell.swift */; };
		B8DD15E22AD52CC300685E48 /* FriendAddViewController.swift in Sources */ = {isa = PBXBuildFile; fileRef = B8DD15E12AD52CC300685E48 /* FriendAddViewController.swift */; };
		B8DD15E42AD52D2F00685E48 /* FriendAddView.swift in Sources */ = {isa = PBXBuildFile; fileRef = B8DD15E32AD52D2F00685E48 /* FriendAddView.swift */; };
		B8DD15E62AD63FD500685E48 /* FriendDetailViewController.swift in Sources */ = {isa = PBXBuildFile; fileRef = B8DD15E52AD63FD500685E48 /* FriendDetailViewController.swift */; };
		B8DD15E82AD641BC00685E48 /* FriendDetailView.swift in Sources */ = {isa = PBXBuildFile; fileRef = B8DD15E72AD641BC00685E48 /* FriendDetailView.swift */; };
		B8DD15EC2AD6CFBF00685E48 /* GiftCardCollectionViewCell.swift in Sources */ = {isa = PBXBuildFile; fileRef = B8DD15EB2AD6CFBF00685E48 /* GiftCardCollectionViewCell.swift */; };
		B8DD15EE2AD6EE9400685E48 /* CustomIntensityVisualEffectView.swift in Sources */ = {isa = PBXBuildFile; fileRef = B8DD15ED2AD6EE9400685E48 /* CustomIntensityVisualEffectView.swift */; };
		B8EECE9A2AC96B5F004D310C /* InquiryViewController.swift in Sources */ = {isa = PBXBuildFile; fileRef = B8EECE992AC96B5F004D310C /* InquiryViewController.swift */; };
		B8EECE9C2AC96BE5004D310C /* PrivacyViewController.swift in Sources */ = {isa = PBXBuildFile; fileRef = B8EECE9B2AC96BE5004D310C /* PrivacyViewController.swift */; };
		B8EECEA22ACD6598004D310C /* KeychainItem.swift in Sources */ = {isa = PBXBuildFile; fileRef = B8EECEA12ACD6598004D310C /* KeychainItem.swift */; };
		BF0AEF9C2ACD7F7600FBB7B8 /* .swiftlint.yml in Resources */ = {isa = PBXBuildFile; fileRef = BF0AEF9B2ACD7F7600FBB7B8 /* .swiftlint.yml */; };
		BF24481D2AD6D66200F4089A /* FirebaseDatabase in Frameworks */ = {isa = PBXBuildFile; productRef = BF24481C2AD6D66200F4089A /* FirebaseDatabase */; };
		BF29DF292ACFF9CD00430031 /* SessionListView.swift in Sources */ = {isa = PBXBuildFile; fileRef = BF29DF282ACFF9CD00430031 /* SessionListView.swift */; };
		BF29DF2B2ACFFDBC00430031 /* GroupDetailView.swift in Sources */ = {isa = PBXBuildFile; fileRef = BF29DF2A2ACFFDBC00430031 /* GroupDetailView.swift */; };
		BF37D9CD2AB939A3005331AD /* AppDelegate.swift in Sources */ = {isa = PBXBuildFile; fileRef = BF37D9CC2AB939A3005331AD /* AppDelegate.swift */; };
		BF37D9CF2AB939A3005331AD /* SceneDelegate.swift in Sources */ = {isa = PBXBuildFile; fileRef = BF37D9CE2AB939A3005331AD /* SceneDelegate.swift */; };
		BF37D9D62AB939A4005331AD /* Assets.xcassets in Resources */ = {isa = PBXBuildFile; fileRef = BF37D9D52AB939A4005331AD /* Assets.xcassets */; };
		BF37D9D92AB939A4005331AD /* LaunchScreen.storyboard in Resources */ = {isa = PBXBuildFile; fileRef = BF37D9D72AB939A4005331AD /* LaunchScreen.storyboard */; };
		BF4A12422ABED78400EC1B6D /* SessionStartViewController.swift in Sources */ = {isa = PBXBuildFile; fileRef = BF4A12412ABED78400EC1B6D /* SessionStartViewController.swift */; };
		BF4A12442ABED79F00EC1B6D /* SessionListViewController.swift in Sources */ = {isa = PBXBuildFile; fileRef = BF4A12432ABED79F00EC1B6D /* SessionListViewController.swift */; };
		BF4A12472ABED8E900EC1B6D /* UIColor+Extension.swift in Sources */ = {isa = PBXBuildFile; fileRef = BF4A12462ABED8E900EC1B6D /* UIColor+Extension.swift */; };
		BF5F3C4D2ABD778B004AFC73 /* MainTabBarViewController.swift in Sources */ = {isa = PBXBuildFile; fileRef = BF5F3C4C2ABD778B004AFC73 /* MainTabBarViewController.swift */; };
		BF7DF9C12ACA6D27001178AF /* SecureKey-Info.plist in Resources */ = {isa = PBXBuildFile; fileRef = BF7DF9C02ACA6D27001178AF /* SecureKey-Info.plist */; };
		BF7DF9C32ACA6D49001178AF /* Bundle+Extension.swift in Sources */ = {isa = PBXBuildFile; fileRef = BF7DF9C22ACA6D49001178AF /* Bundle+Extension.swift */; };
		BF7DF9C62ACA6E21001178AF /* NMapsMap in Frameworks */ = {isa = PBXBuildFile; productRef = BF7DF9C52ACA6E21001178AF /* NMapsMap */; };
		BF9BCFE82ACDCBFF009DAECD /* LoginView.swift in Sources */ = {isa = PBXBuildFile; fileRef = BF9BCFE72ACDCBFF009DAECD /* LoginView.swift */; };
		BF9BCFEF2ACE2BEF009DAECD /* GroupAddView.swift in Sources */ = {isa = PBXBuildFile; fileRef = BF9BCFEE2ACE2BEF009DAECD /* GroupAddView.swift */; };
		BF9BCFF32ACE379C009DAECD /* SelectAddressView.swift in Sources */ = {isa = PBXBuildFile; fileRef = BF9BCFF22ACE379C009DAECD /* SelectAddressView.swift */; };
		BF9BCFFD2ACE458D009DAECD /* MyPageView.swift in Sources */ = {isa = PBXBuildFile; fileRef = BF9BCFFC2ACE458D009DAECD /* MyPageView.swift */; };
		BF9BD0002ACE4893009DAECD /* SessionStartView.swift in Sources */ = {isa = PBXBuildFile; fileRef = BF9BCFFF2ACE4893009DAECD /* SessionStartView.swift */; };
		BF9BD0022ACE5093009DAECD /* ModalQueueView.swift in Sources */ = {isa = PBXBuildFile; fileRef = BF9BD0012ACE5093009DAECD /* ModalQueueView.swift */; };
		BFE876B82AC809A300573B92 /* SnapKit in Frameworks */ = {isa = PBXBuildFile; productRef = BFE876B72AC809A300573B92 /* SnapKit */; };
		C904D1562AD5786A008BF5CE /* User.swift in Sources */ = {isa = PBXBuildFile; fileRef = C904D1552AD5786A008BF5CE /* User.swift */; };
		C904D1582AD57942008BF5CE /* Friendship.swift in Sources */ = {isa = PBXBuildFile; fileRef = C904D1572AD57942008BF5CE /* Friendship.swift */; };
		C904D15C2AD57ACB008BF5CE /* Point.swift in Sources */ = {isa = PBXBuildFile; fileRef = C904D15B2AD57ACB008BF5CE /* Point.swift */; };
		C904D15E2AD57AD8008BF5CE /* Crew.swift in Sources */ = {isa = PBXBuildFile; fileRef = C904D15D2AD57AD8008BF5CE /* Crew.swift */; };
		C904D1612AD57AE8008BF5CE /* Group.swift in Sources */ = {isa = PBXBuildFile; fileRef = C904D1602AD57AE8008BF5CE /* Group.swift */; };
		C904D1632AD57B21008BF5CE /* Session.swift in Sources */ = {isa = PBXBuildFile; fileRef = C904D1622AD57B21008BF5CE /* Session.swift */; };
		C904D1652AD597C8008BF5CE /* DummyData.swift in Sources */ = {isa = PBXBuildFile; fileRef = C904D1642AD597C8008BF5CE /* DummyData.swift */; };
		C92CFB2A2AC92E420068273A /* UIFont+Extension.swift in Sources */ = {isa = PBXBuildFile; fileRef = C92CFB292AC92E420068273A /* UIFont+Extension.swift */; };
		C92CFB312AC93C470068273A /* SF-Pro.ttf in Resources */ = {isa = PBXBuildFile; fileRef = C92CFB302AC93C470068273A /* SF-Pro.ttf */; };
		C92CFB332AC9B6760068273A /* ColorTheme.swift in Sources */ = {isa = PBXBuildFile; fileRef = C92CFB322AC9B6760068273A /* ColorTheme.swift */; };
		C92CFB352AC9B6830068273A /* SemanticColor.swift in Sources */ = {isa = PBXBuildFile; fileRef = C92CFB342AC9B6830068273A /* SemanticColor.swift */; };
		C92CFB392ACBC9180068273A /* CarmuFont.swift in Sources */ = {isa = PBXBuildFile; fileRef = C92CFB382ACBC9180068273A /* CarmuFont.swift */; };
		C92CFB3B2ACBF6C40068273A /* UIImage+Extension.swift in Sources */ = {isa = PBXBuildFile; fileRef = C92CFB3A2ACBF6C40068273A /* UIImage+Extension.swift */; };
		C92CFB3D2ACBFEC60068273A /* NotFoundCrewTableViewCell.swift in Sources */ = {isa = PBXBuildFile; fileRef = C92CFB3C2ACBFEC60068273A /* NotFoundCrewTableViewCell.swift */; };
		C92CFB402ACC24F50068273A /* DummyGroup.swift in Sources */ = {isa = PBXBuildFile; fileRef = C92CFB3F2ACC24F50068273A /* DummyGroup.swift */; };
		C93D2CD42AD24F4600CF4735 /* SelectStartTimeModalView.swift in Sources */ = {isa = PBXBuildFile; fileRef = C93D2CD32AD24F4600CF4735 /* SelectStartTimeModalView.swift */; };
		C93D2CD62AD2528F00CF4735 /* SelectStartTimeViewController.swift in Sources */ = {isa = PBXBuildFile; fileRef = C93D2CD52AD2528F00CF4735 /* SelectStartTimeViewController.swift */; };
		C93D2CD82AD28F7400CF4735 /* SelectBoardingCrewModalView.swift in Sources */ = {isa = PBXBuildFile; fileRef = C93D2CD72AD28F7400CF4735 /* SelectBoardingCrewModalView.swift */; };
		C93D2CDA2AD28F8F00CF4735 /* SelectBoardingCrewModalViewController.swift in Sources */ = {isa = PBXBuildFile; fileRef = C93D2CD92AD28F8F00CF4735 /* SelectBoardingCrewModalViewController.swift */; };
		C93D2CDC2AD298C400CF4735 /* GroupAddModalCollectionViewCell.swift in Sources */ = {isa = PBXBuildFile; fileRef = C93D2CDB2AD298C300CF4735 /* GroupAddModalCollectionViewCell.swift */; };
		C954F6172AD9998500D528F5 /* SelectAddressModel.swift in Sources */ = {isa = PBXBuildFile; fileRef = C954F6162AD9998500D528F5 /* SelectAddressModel.swift */; };
		C96A74EC2ACE451900451C64 /* GroupDetailTableViewCell.swift in Sources */ = {isa = PBXBuildFile; fileRef = C96A74EB2ACE451900451C64 /* GroupDetailTableViewCell.swift */; };
		C96A74EE2ACE4B5C00451C64 /* GradientLineView.swift in Sources */ = {isa = PBXBuildFile; fileRef = C96A74ED2ACE4B5C00451C64 /* GradientLineView.swift */; };
		C9DC0CC82AD7D83700F06169 /* DefaultAddressTableViewCell.swift in Sources */ = {isa = PBXBuildFile; fileRef = C9DC0CC72AD7D83700F06169 /* DefaultAddressTableViewCell.swift */; };
		C9DC0CCA2AD7D85400F06169 /* SelectAddressTableViewCell.swift in Sources */ = {isa = PBXBuildFile; fileRef = C9DC0CC92AD7D85400F06169 /* SelectAddressTableViewCell.swift */; };
		C9DE7C332AC01B3C005AFCC6 /* CustomListTableViewCell.swift in Sources */ = {isa = PBXBuildFile; fileRef = C9DE7C322AC01B3C005AFCC6 /* CustomListTableViewCell.swift */; };
		C9DE7C352AC01C33005AFCC6 /* GroupAddViewController.swift in Sources */ = {isa = PBXBuildFile; fileRef = C9DE7C342AC01C33005AFCC6 /* GroupAddViewController.swift */; };
		C9DE7C372AC0289E005AFCC6 /* GroupAddTableViewCell.swift in Sources */ = {isa = PBXBuildFile; fileRef = C9DE7C362AC0289E005AFCC6 /* GroupAddTableViewCell.swift */; };
		C9DE7C392AC04AF8005AFCC6 /* GroupDetailViewController.swift in Sources */ = {isa = PBXBuildFile; fileRef = C9DE7C382AC04AF8005AFCC6 /* GroupDetailViewController.swift */; };
		C9DE7C3B2AC05B65005AFCC6 /* SelectAddressViewController.swift in Sources */ = {isa = PBXBuildFile; fileRef = C9DE7C3A2AC05B65005AFCC6 /* SelectAddressViewController.swift */; };
/* End PBXBuildFile section */

/* Begin PBXFileReference section */
		162E59D92AD3AC920027A476 /* SessionStartView+Extension.swift */ = {isa = PBXFileReference; lastKnownFileType = sourcecode.swift; path = "SessionStartView+Extension.swift"; sourceTree = "<group>"; };
		1695CAE32AD4E62500858071 /* Date+Extension.swift */ = {isa = PBXFileReference; lastKnownFileType = sourcecode.swift; path = "Date+Extension.swift"; sourceTree = "<group>"; };
		16A84F772AD7E0F600C28F5F /* SessionStartMidView.swift */ = {isa = PBXFileReference; lastKnownFileType = sourcecode.swift; path = SessionStartMidView.swift; sourceTree = "<group>"; };
		16DBA63E2AC1D5B900315ED7 /* GroupCollectionViewCell.swift */ = {isa = PBXFileReference; lastKnownFileType = sourcecode.swift; path = GroupCollectionViewCell.swift; sourceTree = "<group>"; };
		16E42C452AC40A510031486E /* ModalQueueViewController.swift */ = {isa = PBXFileReference; lastKnownFileType = sourcecode.swift; path = ModalQueueViewController.swift; sourceTree = "<group>"; };
		16E42C472AC411A20031486E /* SessionMapViewController.swift */ = {isa = PBXFileReference; lastKnownFileType = sourcecode.swift; path = SessionMapViewController.swift; sourceTree = "<group>"; };
		B8A20E402AC0B9F400F0CE91 /* Carmunication.entitlements */ = {isa = PBXFileReference; lastKnownFileType = text.plist.entitlements; path = Carmunication.entitlements; sourceTree = "<group>"; };
		B8A20E412AC0BC8900F0CE91 /* LoginViewController.swift */ = {isa = PBXFileReference; lastKnownFileType = sourcecode.swift; path = LoginViewController.swift; sourceTree = "<group>"; };
		B8A3EFD82AC5F28100433F5C /* MyPageViewController.swift */ = {isa = PBXFileReference; lastKnownFileType = sourcecode.swift; path = MyPageViewController.swift; sourceTree = "<group>"; };
		B8A3EFDA2AC5F5B400433F5C /* SettingsViewController.swift */ = {isa = PBXFileReference; lastKnownFileType = sourcecode.swift; path = SettingsViewController.swift; sourceTree = "<group>"; };
		B8A3EFDC2AC5F5C600433F5C /* FriendListViewController.swift */ = {isa = PBXFileReference; lastKnownFileType = sourcecode.swift; path = FriendListViewController.swift; sourceTree = "<group>"; };
		B8A3EFDE2AC9090C00433F5C /* GoogleService-Info.plist */ = {isa = PBXFileReference; fileEncoding = 4; lastKnownFileType = text.plist.xml; path = "GoogleService-Info.plist"; sourceTree = "<group>"; };
		B8D73ABE2AD2914200D211DE /* SettingsView.swift */ = {isa = PBXFileReference; lastKnownFileType = sourcecode.swift; path = SettingsView.swift; sourceTree = "<group>"; };
		B8D73AC02AD29D6E00D211DE /* PrivacyView.swift */ = {isa = PBXFileReference; lastKnownFileType = sourcecode.swift; path = PrivacyView.swift; sourceTree = "<group>"; };
		B8D73AC22AD2FBE600D211DE /* InquiryView.swift */ = {isa = PBXFileReference; lastKnownFileType = sourcecode.swift; path = InquiryView.swift; sourceTree = "<group>"; };
		B8DD15DD2AD4619B00685E48 /* FriendListView.swift */ = {isa = PBXFileReference; lastKnownFileType = sourcecode.swift; path = FriendListView.swift; sourceTree = "<group>"; };
		B8DD15DF2AD4677800685E48 /* FriendListTableViewCell.swift */ = {isa = PBXFileReference; lastKnownFileType = sourcecode.swift; path = FriendListTableViewCell.swift; sourceTree = "<group>"; };
		B8DD15E12AD52CC300685E48 /* FriendAddViewController.swift */ = {isa = PBXFileReference; lastKnownFileType = sourcecode.swift; path = FriendAddViewController.swift; sourceTree = "<group>"; };
		B8DD15E32AD52D2F00685E48 /* FriendAddView.swift */ = {isa = PBXFileReference; lastKnownFileType = sourcecode.swift; path = FriendAddView.swift; sourceTree = "<group>"; };
		B8DD15E52AD63FD500685E48 /* FriendDetailViewController.swift */ = {isa = PBXFileReference; lastKnownFileType = sourcecode.swift; path = FriendDetailViewController.swift; sourceTree = "<group>"; };
		B8DD15E72AD641BC00685E48 /* FriendDetailView.swift */ = {isa = PBXFileReference; lastKnownFileType = sourcecode.swift; path = FriendDetailView.swift; sourceTree = "<group>"; };
		B8DD15EB2AD6CFBF00685E48 /* GiftCardCollectionViewCell.swift */ = {isa = PBXFileReference; lastKnownFileType = sourcecode.swift; path = GiftCardCollectionViewCell.swift; sourceTree = "<group>"; };
		B8DD15ED2AD6EE9400685E48 /* CustomIntensityVisualEffectView.swift */ = {isa = PBXFileReference; lastKnownFileType = sourcecode.swift; path = CustomIntensityVisualEffectView.swift; sourceTree = "<group>"; };
		B8EECE992AC96B5F004D310C /* InquiryViewController.swift */ = {isa = PBXFileReference; lastKnownFileType = sourcecode.swift; path = InquiryViewController.swift; sourceTree = "<group>"; };
		B8EECE9B2AC96BE5004D310C /* PrivacyViewController.swift */ = {isa = PBXFileReference; lastKnownFileType = sourcecode.swift; path = PrivacyViewController.swift; sourceTree = "<group>"; };
		B8EECEA12ACD6598004D310C /* KeychainItem.swift */ = {isa = PBXFileReference; lastKnownFileType = sourcecode.swift; path = KeychainItem.swift; sourceTree = "<group>"; };
		BF0AEF9B2ACD7F7600FBB7B8 /* .swiftlint.yml */ = {isa = PBXFileReference; lastKnownFileType = text.yaml; path = .swiftlint.yml; sourceTree = "<group>"; };
		BF29DF282ACFF9CD00430031 /* SessionListView.swift */ = {isa = PBXFileReference; lastKnownFileType = sourcecode.swift; path = SessionListView.swift; sourceTree = "<group>"; };
		BF29DF2A2ACFFDBC00430031 /* GroupDetailView.swift */ = {isa = PBXFileReference; lastKnownFileType = sourcecode.swift; path = GroupDetailView.swift; sourceTree = "<group>"; };
		BF37D9C92AB939A3005331AD /* Carmunication.app */ = {isa = PBXFileReference; explicitFileType = wrapper.application; includeInIndex = 0; path = Carmunication.app; sourceTree = BUILT_PRODUCTS_DIR; };
		BF37D9CC2AB939A3005331AD /* AppDelegate.swift */ = {isa = PBXFileReference; lastKnownFileType = sourcecode.swift; path = AppDelegate.swift; sourceTree = "<group>"; };
		BF37D9CE2AB939A3005331AD /* SceneDelegate.swift */ = {isa = PBXFileReference; lastKnownFileType = sourcecode.swift; path = SceneDelegate.swift; sourceTree = "<group>"; };
		BF37D9D52AB939A4005331AD /* Assets.xcassets */ = {isa = PBXFileReference; lastKnownFileType = folder.assetcatalog; path = Assets.xcassets; sourceTree = "<group>"; };
		BF37D9D82AB939A4005331AD /* Base */ = {isa = PBXFileReference; lastKnownFileType = file.storyboard; name = Base; path = Base.lproj/LaunchScreen.storyboard; sourceTree = "<group>"; };
		BF37D9DA2AB939A4005331AD /* Info.plist */ = {isa = PBXFileReference; lastKnownFileType = text.plist.xml; path = Info.plist; sourceTree = "<group>"; };
		BF4A12412ABED78400EC1B6D /* SessionStartViewController.swift */ = {isa = PBXFileReference; lastKnownFileType = sourcecode.swift; path = SessionStartViewController.swift; sourceTree = "<group>"; };
		BF4A12432ABED79F00EC1B6D /* SessionListViewController.swift */ = {isa = PBXFileReference; lastKnownFileType = sourcecode.swift; path = SessionListViewController.swift; sourceTree = "<group>"; };
		BF4A12462ABED8E900EC1B6D /* UIColor+Extension.swift */ = {isa = PBXFileReference; lastKnownFileType = sourcecode.swift; path = "UIColor+Extension.swift"; sourceTree = "<group>"; };
		BF5F3C4C2ABD778B004AFC73 /* MainTabBarViewController.swift */ = {isa = PBXFileReference; lastKnownFileType = sourcecode.swift; path = MainTabBarViewController.swift; sourceTree = "<group>"; };
		BF7DF9C02ACA6D27001178AF /* SecureKey-Info.plist */ = {isa = PBXFileReference; fileEncoding = 4; lastKnownFileType = text.plist.xml; path = "SecureKey-Info.plist"; sourceTree = "<group>"; };
		BF7DF9C22ACA6D49001178AF /* Bundle+Extension.swift */ = {isa = PBXFileReference; lastKnownFileType = sourcecode.swift; path = "Bundle+Extension.swift"; sourceTree = "<group>"; };
		BF9BCFE72ACDCBFF009DAECD /* LoginView.swift */ = {isa = PBXFileReference; lastKnownFileType = sourcecode.swift; path = LoginView.swift; sourceTree = "<group>"; };
		BF9BCFEE2ACE2BEF009DAECD /* GroupAddView.swift */ = {isa = PBXFileReference; lastKnownFileType = sourcecode.swift; path = GroupAddView.swift; sourceTree = "<group>"; };
		BF9BCFF22ACE379C009DAECD /* SelectAddressView.swift */ = {isa = PBXFileReference; lastKnownFileType = sourcecode.swift; path = SelectAddressView.swift; sourceTree = "<group>"; };
		BF9BCFFC2ACE458D009DAECD /* MyPageView.swift */ = {isa = PBXFileReference; lastKnownFileType = sourcecode.swift; path = MyPageView.swift; sourceTree = "<group>"; };
		BF9BCFFF2ACE4893009DAECD /* SessionStartView.swift */ = {isa = PBXFileReference; lastKnownFileType = sourcecode.swift; path = SessionStartView.swift; sourceTree = "<group>"; };
		BF9BD0012ACE5093009DAECD /* ModalQueueView.swift */ = {isa = PBXFileReference; lastKnownFileType = sourcecode.swift; path = ModalQueueView.swift; sourceTree = "<group>"; };
		C904D1552AD5786A008BF5CE /* User.swift */ = {isa = PBXFileReference; lastKnownFileType = sourcecode.swift; path = User.swift; sourceTree = "<group>"; };
		C904D1572AD57942008BF5CE /* Friendship.swift */ = {isa = PBXFileReference; lastKnownFileType = sourcecode.swift; path = Friendship.swift; sourceTree = "<group>"; };
		C904D15B2AD57ACB008BF5CE /* Point.swift */ = {isa = PBXFileReference; lastKnownFileType = sourcecode.swift; path = Point.swift; sourceTree = "<group>"; };
		C904D15D2AD57AD8008BF5CE /* Crew.swift */ = {isa = PBXFileReference; lastKnownFileType = sourcecode.swift; path = Crew.swift; sourceTree = "<group>"; };
		C904D1602AD57AE8008BF5CE /* Group.swift */ = {isa = PBXFileReference; lastKnownFileType = sourcecode.swift; path = Group.swift; sourceTree = "<group>"; };
		C904D1622AD57B21008BF5CE /* Session.swift */ = {isa = PBXFileReference; lastKnownFileType = sourcecode.swift; path = Session.swift; sourceTree = "<group>"; };
		C904D1642AD597C8008BF5CE /* DummyData.swift */ = {isa = PBXFileReference; lastKnownFileType = sourcecode.swift; path = DummyData.swift; sourceTree = "<group>"; };
		C92CFB292AC92E420068273A /* UIFont+Extension.swift */ = {isa = PBXFileReference; lastKnownFileType = sourcecode.swift; path = "UIFont+Extension.swift"; sourceTree = "<group>"; };
		C92CFB302AC93C470068273A /* SF-Pro.ttf */ = {isa = PBXFileReference; lastKnownFileType = file; path = "SF-Pro.ttf"; sourceTree = "<group>"; };
		C92CFB322AC9B6760068273A /* ColorTheme.swift */ = {isa = PBXFileReference; lastKnownFileType = sourcecode.swift; path = ColorTheme.swift; sourceTree = "<group>"; };
		C92CFB342AC9B6830068273A /* SemanticColor.swift */ = {isa = PBXFileReference; lastKnownFileType = sourcecode.swift; path = SemanticColor.swift; sourceTree = "<group>"; };
		C92CFB382ACBC9180068273A /* CarmuFont.swift */ = {isa = PBXFileReference; lastKnownFileType = sourcecode.swift; path = CarmuFont.swift; sourceTree = "<group>"; };
		C92CFB3A2ACBF6C40068273A /* UIImage+Extension.swift */ = {isa = PBXFileReference; lastKnownFileType = sourcecode.swift; path = "UIImage+Extension.swift"; sourceTree = "<group>"; };
		C92CFB3C2ACBFEC60068273A /* NotFoundCrewTableViewCell.swift */ = {isa = PBXFileReference; lastKnownFileType = sourcecode.swift; path = NotFoundCrewTableViewCell.swift; sourceTree = "<group>"; };
		C92CFB3F2ACC24F50068273A /* DummyGroup.swift */ = {isa = PBXFileReference; lastKnownFileType = sourcecode.swift; path = DummyGroup.swift; sourceTree = "<group>"; };
		C93D2CD32AD24F4600CF4735 /* SelectStartTimeModalView.swift */ = {isa = PBXFileReference; lastKnownFileType = sourcecode.swift; path = SelectStartTimeModalView.swift; sourceTree = "<group>"; };
		C93D2CD52AD2528F00CF4735 /* SelectStartTimeViewController.swift */ = {isa = PBXFileReference; lastKnownFileType = sourcecode.swift; path = SelectStartTimeViewController.swift; sourceTree = "<group>"; };
		C93D2CD72AD28F7400CF4735 /* SelectBoardingCrewModalView.swift */ = {isa = PBXFileReference; lastKnownFileType = sourcecode.swift; path = SelectBoardingCrewModalView.swift; sourceTree = "<group>"; };
		C93D2CD92AD28F8F00CF4735 /* SelectBoardingCrewModalViewController.swift */ = {isa = PBXFileReference; lastKnownFileType = sourcecode.swift; path = SelectBoardingCrewModalViewController.swift; sourceTree = "<group>"; };
		C93D2CDB2AD298C300CF4735 /* GroupAddModalCollectionViewCell.swift */ = {isa = PBXFileReference; lastKnownFileType = sourcecode.swift; path = GroupAddModalCollectionViewCell.swift; sourceTree = "<group>"; };
		C954F6162AD9998500D528F5 /* SelectAddressModel.swift */ = {isa = PBXFileReference; lastKnownFileType = sourcecode.swift; path = SelectAddressModel.swift; sourceTree = "<group>"; };
		C96A74EB2ACE451900451C64 /* GroupDetailTableViewCell.swift */ = {isa = PBXFileReference; lastKnownFileType = sourcecode.swift; path = GroupDetailTableViewCell.swift; sourceTree = "<group>"; };
		C96A74ED2ACE4B5C00451C64 /* GradientLineView.swift */ = {isa = PBXFileReference; lastKnownFileType = sourcecode.swift; path = GradientLineView.swift; sourceTree = "<group>"; };
		C9DC0CC72AD7D83700F06169 /* DefaultAddressTableViewCell.swift */ = {isa = PBXFileReference; lastKnownFileType = sourcecode.swift; path = DefaultAddressTableViewCell.swift; sourceTree = "<group>"; };
		C9DC0CC92AD7D85400F06169 /* SelectAddressTableViewCell.swift */ = {isa = PBXFileReference; lastKnownFileType = sourcecode.swift; path = SelectAddressTableViewCell.swift; sourceTree = "<group>"; };
		C9DE7C322AC01B3C005AFCC6 /* CustomListTableViewCell.swift */ = {isa = PBXFileReference; lastKnownFileType = sourcecode.swift; path = CustomListTableViewCell.swift; sourceTree = "<group>"; };
		C9DE7C342AC01C33005AFCC6 /* GroupAddViewController.swift */ = {isa = PBXFileReference; lastKnownFileType = sourcecode.swift; path = GroupAddViewController.swift; sourceTree = "<group>"; };
		C9DE7C362AC0289E005AFCC6 /* GroupAddTableViewCell.swift */ = {isa = PBXFileReference; lastKnownFileType = sourcecode.swift; path = GroupAddTableViewCell.swift; sourceTree = "<group>"; };
		C9DE7C382AC04AF8005AFCC6 /* GroupDetailViewController.swift */ = {isa = PBXFileReference; lastKnownFileType = sourcecode.swift; path = GroupDetailViewController.swift; sourceTree = "<group>"; };
		C9DE7C3A2AC05B65005AFCC6 /* SelectAddressViewController.swift */ = {isa = PBXFileReference; lastKnownFileType = sourcecode.swift; path = SelectAddressViewController.swift; sourceTree = "<group>"; };
/* End PBXFileReference section */

/* Begin PBXFrameworksBuildPhase section */
		BF37D9C62AB939A3005331AD /* Frameworks */ = {
			isa = PBXFrameworksBuildPhase;
			buildActionMask = 2147483647;
			files = (
				BF24481D2AD6D66200F4089A /* FirebaseDatabase in Frameworks */,
				BFE876B82AC809A300573B92 /* SnapKit in Frameworks */,
				BF7DF9C62ACA6E21001178AF /* NMapsMap in Frameworks */,
				B8A20E3D2AC0B46E00F0CE91 /* FirebaseAnalytics in Frameworks */,
				B8A20E3F2AC0B46E00F0CE91 /* FirebaseAuth in Frameworks */,
			);
			runOnlyForDeploymentPostprocessing = 0;
		};
/* End PBXFrameworksBuildPhase section */

/* Begin PBXGroup section */
		16DBA63D2AC1D07C00315ED7 /* SessionStart */ = {
			isa = PBXGroup;
			children = (
				BF4A12412ABED78400EC1B6D /* SessionStartViewController.swift */,
				16E42C452AC40A510031486E /* ModalQueueViewController.swift */,
				16E42C472AC411A20031486E /* SessionMapViewController.swift */,
			);
			path = SessionStart;
			sourceTree = "<group>";
		};
		16E42CDE2AC47E790031486E /* Models */ = {
			isa = PBXGroup;
			children = (
				C954F6152AD9996A00D528F5 /* GroupAdd */,
				C92CFB3E2ACC24E80068273A /* DummyData */,
				C92CFB372ACBC9090068273A /* Font */,
				C92CFB362AC9B6CD0068273A /* Color */,
				B8EECEA12ACD6598004D310C /* KeychainItem.swift */,
			);
			path = Models;
			sourceTree = "<group>";
		};
		B8A3EFD72AC5F27000433F5C /* MyPage */ = {
			isa = PBXGroup;
			children = (
				B8A3EFD82AC5F28100433F5C /* MyPageViewController.swift */,
				B8A3EFDA2AC5F5B400433F5C /* SettingsViewController.swift */,
				B8A3EFDC2AC5F5C600433F5C /* FriendListViewController.swift */,
				B8EECE992AC96B5F004D310C /* InquiryViewController.swift */,
				B8EECE9B2AC96BE5004D310C /* PrivacyViewController.swift */,
				B8DD15E12AD52CC300685E48 /* FriendAddViewController.swift */,
				B8DD15E52AD63FD500685E48 /* FriendDetailViewController.swift */,
			);
			path = MyPage;
			sourceTree = "<group>";
		};
		B8D73ABB2AD2899200D211DE /* MyPage */ = {
			isa = PBXGroup;
			children = (
				BF9BCFFC2ACE458D009DAECD /* MyPageView.swift */,
				B8D73ABE2AD2914200D211DE /* SettingsView.swift */,
				B8D73AC02AD29D6E00D211DE /* PrivacyView.swift */,
				B8D73AC22AD2FBE600D211DE /* InquiryView.swift */,
				B8DD15DD2AD4619B00685E48 /* FriendListView.swift */,
				B8DD15DF2AD4677800685E48 /* FriendListTableViewCell.swift */,
				B8DD15E32AD52D2F00685E48 /* FriendAddView.swift */,
				B8DD15E72AD641BC00685E48 /* FriendDetailView.swift */,
				B8DD15EB2AD6CFBF00685E48 /* GiftCardCollectionViewCell.swift */,
				B8DD15ED2AD6EE9400685E48 /* CustomIntensityVisualEffectView.swift */,
			);
			path = MyPage;
			sourceTree = "<group>";
		};
		BF24481B2AD6D66200F4089A /* Frameworks */ = {
			isa = PBXGroup;
			children = (
			);
			name = Frameworks;
			sourceTree = "<group>";
		};
		BF37D9C02AB939A3005331AD = {
			isa = PBXGroup;
			children = (
				BF0AEF9B2ACD7F7600FBB7B8 /* .swiftlint.yml */,
				BF37D9CB2AB939A3005331AD /* Carmunication */,
				BF37D9CA2AB939A3005331AD /* Products */,
				BF24481B2AD6D66200F4089A /* Frameworks */,
			);
			sourceTree = "<group>";
		};
		BF37D9CA2AB939A3005331AD /* Products */ = {
			isa = PBXGroup;
			children = (
				BF37D9C92AB939A3005331AD /* Carmunication.app */,
			);
			name = Products;
			sourceTree = "<group>";
		};
		BF37D9CB2AB939A3005331AD /* Carmunication */ = {
			isa = PBXGroup;
			children = (
				B8A20E402AC0B9F400F0CE91 /* Carmunication.entitlements */,
				BF37D9CC2AB939A3005331AD /* AppDelegate.swift */,
				BF37D9CE2AB939A3005331AD /* SceneDelegate.swift */,
				BF4A12452ABED8B500EC1B6D /* Extensions */,
				16E42CDE2AC47E790031486E /* Models */,
				BF9BCFE62ACDCBEE009DAECD /* Views */,
				BF5F3C4E2ABD779A004AFC73 /* Controllers */,
				C92CFB2B2AC9398B0068273A /* Resources */,
				BF37D9D52AB939A4005331AD /* Assets.xcassets */,
				BF37D9D72AB939A4005331AD /* LaunchScreen.storyboard */,
				BF37D9DA2AB939A4005331AD /* Info.plist */,
				BF7DF9C02ACA6D27001178AF /* SecureKey-Info.plist */,
				B8A3EFDE2AC9090C00433F5C /* GoogleService-Info.plist */,
			);
			path = Carmunication;
			sourceTree = "<group>";
		};
		BF4A12452ABED8B500EC1B6D /* Extensions */ = {
			isa = PBXGroup;
			children = (
				BF4A12462ABED8E900EC1B6D /* UIColor+Extension.swift */,
				BF7DF9C22ACA6D49001178AF /* Bundle+Extension.swift */,
				C92CFB292AC92E420068273A /* UIFont+Extension.swift */,
				C92CFB3A2ACBF6C40068273A /* UIImage+Extension.swift */,
				162E59D92AD3AC920027A476 /* SessionStartView+Extension.swift */,
				1695CAE32AD4E62500858071 /* Date+Extension.swift */,
			);
			path = Extensions;
			sourceTree = "<group>";
		};
		BF5F3C4E2ABD779A004AFC73 /* Controllers */ = {
			isa = PBXGroup;
			children = (
				B8A20E412AC0BC8900F0CE91 /* LoginViewController.swift */,
				BF5F3C4C2ABD778B004AFC73 /* MainTabBarViewController.swift */,
				16DBA63D2AC1D07C00315ED7 /* SessionStart */,
				C9DE7C312AC01B04005AFCC6 /* SessionList */,
				B8A3EFD72AC5F27000433F5C /* MyPage */,
			);
			path = Controllers;
			sourceTree = "<group>";
		};
		BF9BCFE62ACDCBEE009DAECD /* Views */ = {
			isa = PBXGroup;
			children = (
				BF9BCFE72ACDCBFF009DAECD /* LoginView.swift */,
				BF9BCFFE2ACE4888009DAECD /* SessionStart */,
				BF9BCFEB2ACE2B80009DAECD /* SessionList */,
				B8D73ABB2AD2899200D211DE /* MyPage */,
			);
			path = Views;
			sourceTree = "<group>";
		};
		BF9BCFEB2ACE2B80009DAECD /* SessionList */ = {
			isa = PBXGroup;
			children = (
				C9F208662AD122C500EAA173 /* Common */,
				C9F208652AD122A200EAA173 /* SessionList */,
				C9F208642AD1227D00EAA173 /* GroupDetail */,
				BF9BCFED2ACE2BDF009DAECD /* GroupAdd */,
			);
			path = SessionList;
			sourceTree = "<group>";
		};
		BF9BCFED2ACE2BDF009DAECD /* GroupAdd */ = {
			isa = PBXGroup;
			children = (
				BF9BCFEE2ACE2BEF009DAECD /* GroupAddView.swift */,
				C9DE7C362AC0289E005AFCC6 /* GroupAddTableViewCell.swift */,
				BF9BCFF22ACE379C009DAECD /* SelectAddressView.swift */,
				C93D2CD32AD24F4600CF4735 /* SelectStartTimeModalView.swift */,
				C93D2CD72AD28F7400CF4735 /* SelectBoardingCrewModalView.swift */,
				C93D2CDB2AD298C300CF4735 /* GroupAddModalCollectionViewCell.swift */,
				C9DC0CC72AD7D83700F06169 /* DefaultAddressTableViewCell.swift */,
				C9DC0CC92AD7D85400F06169 /* SelectAddressTableViewCell.swift */,
			);
			path = GroupAdd;
			sourceTree = "<group>";
		};
		BF9BCFFE2ACE4888009DAECD /* SessionStart */ = {
			isa = PBXGroup;
			children = (
				BF9BCFFF2ACE4893009DAECD /* SessionStartView.swift */,
				16DBA63E2AC1D5B900315ED7 /* GroupCollectionViewCell.swift */,
				BF9BD0012ACE5093009DAECD /* ModalQueueView.swift */,
				16A84F772AD7E0F600C28F5F /* SessionStartMidView.swift */,
			);
			path = SessionStart;
			sourceTree = "<group>";
		};
		C92CFB2B2AC9398B0068273A /* Resources */ = {
			isa = PBXGroup;
			children = (
				C92CFB302AC93C470068273A /* SF-Pro.ttf */,
			);
			path = Resources;
			sourceTree = "<group>";
		};
		C92CFB362AC9B6CD0068273A /* Color */ = {
			isa = PBXGroup;
			children = (
				C92CFB322AC9B6760068273A /* ColorTheme.swift */,
				C92CFB342AC9B6830068273A /* SemanticColor.swift */,
			);
			path = Color;
			sourceTree = "<group>";
		};
		C92CFB372ACBC9090068273A /* Font */ = {
			isa = PBXGroup;
			children = (
				C92CFB382ACBC9180068273A /* CarmuFont.swift */,
			);
			path = Font;
			sourceTree = "<group>";
		};
		C92CFB3E2ACC24E80068273A /* DummyData */ = {
			isa = PBXGroup;
			children = (
				C92CFB3F2ACC24F50068273A /* DummyGroup.swift */,
				C904D1642AD597C8008BF5CE /* DummyData.swift */,
				C904D1552AD5786A008BF5CE /* User.swift */,
				C904D1572AD57942008BF5CE /* Friendship.swift */,
				C904D15B2AD57ACB008BF5CE /* Point.swift */,
				C904D15D2AD57AD8008BF5CE /* Crew.swift */,
				C904D1602AD57AE8008BF5CE /* Group.swift */,
				C904D1622AD57B21008BF5CE /* Session.swift */,
			);
			path = DummyData;
			sourceTree = "<group>";
		};
		C954F6152AD9996A00D528F5 /* GroupAdd */ = {
			isa = PBXGroup;
			children = (
				C954F6162AD9998500D528F5 /* SelectAddressModel.swift */,
			);
			path = GroupAdd;
			sourceTree = "<group>";
		};
		C9DE7C312AC01B04005AFCC6 /* SessionList */ = {
			isa = PBXGroup;
			children = (
				BF4A12432ABED79F00EC1B6D /* SessionListViewController.swift */,
				C9DE7C342AC01C33005AFCC6 /* GroupAddViewController.swift */,
				C9DE7C382AC04AF8005AFCC6 /* GroupDetailViewController.swift */,
				C9DE7C3A2AC05B65005AFCC6 /* SelectAddressViewController.swift */,
				C93D2CD52AD2528F00CF4735 /* SelectStartTimeViewController.swift */,
				C93D2CD92AD28F8F00CF4735 /* SelectBoardingCrewModalViewController.swift */,
			);
			path = SessionList;
			sourceTree = "<group>";
		};
		C9F208642AD1227D00EAA173 /* GroupDetail */ = {
			isa = PBXGroup;
			children = (
				BF29DF2A2ACFFDBC00430031 /* GroupDetailView.swift */,
				C96A74EB2ACE451900451C64 /* GroupDetailTableViewCell.swift */,
			);
			path = GroupDetail;
			sourceTree = "<group>";
		};
		C9F208652AD122A200EAA173 /* SessionList */ = {
			isa = PBXGroup;
			children = (
				BF29DF282ACFF9CD00430031 /* SessionListView.swift */,
				C9DE7C322AC01B3C005AFCC6 /* CustomListTableViewCell.swift */,
				C92CFB3C2ACBFEC60068273A /* NotFoundCrewTableViewCell.swift */,
			);
			path = SessionList;
			sourceTree = "<group>";
		};
		C9F208662AD122C500EAA173 /* Common */ = {
			isa = PBXGroup;
			children = (
				C96A74ED2ACE4B5C00451C64 /* GradientLineView.swift */,
			);
			path = Common;
			sourceTree = "<group>";
		};
/* End PBXGroup section */

/* Begin PBXNativeTarget section */
		BF37D9C82AB939A3005331AD /* Carmunication */ = {
			isa = PBXNativeTarget;
			buildConfigurationList = BF37D9DD2AB939A4005331AD /* Build configuration list for PBXNativeTarget "Carmunication" */;
			buildPhases = (
				BF37D9E02AB93A28005331AD /* SwiftLint */,
				BF37D9C52AB939A3005331AD /* Sources */,
				BF37D9C62AB939A3005331AD /* Frameworks */,
				BF37D9C72AB939A3005331AD /* Resources */,
			);
			buildRules = (
			);
			dependencies = (
			);
			name = Carmunication;
			packageProductDependencies = (
				B8A20E3C2AC0B46E00F0CE91 /* FirebaseAnalytics */,
				B8A20E3E2AC0B46E00F0CE91 /* FirebaseAuth */,
				BFE876B72AC809A300573B92 /* SnapKit */,
				BF7DF9C52ACA6E21001178AF /* NMapsMap */,
				BF24481C2AD6D66200F4089A /* FirebaseDatabase */,
			);
			productName = Carmunication;
			productReference = BF37D9C92AB939A3005331AD /* Carmunication.app */;
			productType = "com.apple.product-type.application";
		};
/* End PBXNativeTarget section */

/* Begin PBXProject section */
		BF37D9C12AB939A3005331AD /* Project object */ = {
			isa = PBXProject;
			attributes = {
				BuildIndependentTargetsInParallel = 1;
				LastSwiftUpdateCheck = 1420;
				LastUpgradeCheck = 1500;
				TargetAttributes = {
					BF37D9C82AB939A3005331AD = {
						CreatedOnToolsVersion = 14.2;
					};
				};
			};
			buildConfigurationList = BF37D9C42AB939A3005331AD /* Build configuration list for PBXProject "Carmunication" */;
			compatibilityVersion = "Xcode 14.0";
			developmentRegion = en;
			hasScannedForEncodings = 0;
			knownRegions = (
				en,
				Base,
			);
			mainGroup = BF37D9C02AB939A3005331AD;
			packageReferences = (
				B8A20E3B2AC0B46E00F0CE91 /* XCRemoteSwiftPackageReference "firebase-ios-sdk" */,
				BFE876B62AC809A300573B92 /* XCRemoteSwiftPackageReference "SnapKit" */,
				BF7DF9C42ACA6E21001178AF /* XCRemoteSwiftPackageReference "NMapsMap" */,
			);
			productRefGroup = BF37D9CA2AB939A3005331AD /* Products */;
			projectDirPath = "";
			projectRoot = "";
			targets = (
				BF37D9C82AB939A3005331AD /* Carmunication */,
			);
		};
/* End PBXProject section */

/* Begin PBXResourcesBuildPhase section */
		BF37D9C72AB939A3005331AD /* Resources */ = {
			isa = PBXResourcesBuildPhase;
			buildActionMask = 2147483647;
			files = (
				BF0AEF9C2ACD7F7600FBB7B8 /* .swiftlint.yml in Resources */,
				BF37D9D92AB939A4005331AD /* LaunchScreen.storyboard in Resources */,
				C92CFB312AC93C470068273A /* SF-Pro.ttf in Resources */,
				BF37D9D62AB939A4005331AD /* Assets.xcassets in Resources */,
				BF7DF9C12ACA6D27001178AF /* SecureKey-Info.plist in Resources */,
				B8A3EFDF2AC9090C00433F5C /* GoogleService-Info.plist in Resources */,
			);
			runOnlyForDeploymentPostprocessing = 0;
		};
/* End PBXResourcesBuildPhase section */

/* Begin PBXShellScriptBuildPhase section */
		BF37D9E02AB93A28005331AD /* SwiftLint */ = {
			isa = PBXShellScriptBuildPhase;
			alwaysOutOfDate = 1;
			buildActionMask = 2147483647;
			files = (
			);
			inputFileListPaths = (
			);
			inputPaths = (
			);
			name = SwiftLint;
			outputFileListPaths = (
			);
			outputPaths = (
			);
			runOnlyForDeploymentPostprocessing = 0;
			shellPath = /bin/sh;
			shellScript = "export PATH=\"$PATH:/opt/homebrew/bin\"\nif which swiftlint > /dev/null; then\n  swiftlint\nelse\n  echo \"warning: SwiftLint not installed, download from https://github.com/realm/SwiftLint\"\nfi\n";
		};
/* End PBXShellScriptBuildPhase section */

/* Begin PBXSourcesBuildPhase section */
		BF37D9C52AB939A3005331AD /* Sources */ = {
			isa = PBXSourcesBuildPhase;
			buildActionMask = 2147483647;
			files = (
				BF9BCFF32ACE379C009DAECD /* SelectAddressView.swift in Sources */,
				C954F6172AD9998500D528F5 /* SelectAddressModel.swift in Sources */,
				BF29DF292ACFF9CD00430031 /* SessionListView.swift in Sources */,
				B8DD15E42AD52D2F00685E48 /* FriendAddView.swift in Sources */,
				C9DE7C352AC01C33005AFCC6 /* GroupAddViewController.swift in Sources */,
				B8DD15E62AD63FD500685E48 /* FriendDetailViewController.swift in Sources */,
				B8DD15DE2AD4619B00685E48 /* FriendListView.swift in Sources */,
				B8EECEA22ACD6598004D310C /* KeychainItem.swift in Sources */,
				B8D73AC12AD29D6E00D211DE /* PrivacyView.swift in Sources */,
				B8D73ABF2AD2914200D211DE /* SettingsView.swift in Sources */,
				B8D73AC32AD2FBE600D211DE /* InquiryView.swift in Sources */,
				B8EECE9A2AC96B5F004D310C /* InquiryViewController.swift in Sources */,
				B8DD15EC2AD6CFBF00685E48 /* GiftCardCollectionViewCell.swift in Sources */,
				C904D1652AD597C8008BF5CE /* DummyData.swift in Sources */,
				BF9BCFFD2ACE458D009DAECD /* MyPageView.swift in Sources */,
				C9DC0CCA2AD7D85400F06169 /* SelectAddressTableViewCell.swift in Sources */,
				C904D1632AD57B21008BF5CE /* Session.swift in Sources */,
				BF5F3C4D2ABD778B004AFC73 /* MainTabBarViewController.swift in Sources */,
				C92CFB3B2ACBF6C40068273A /* UIImage+Extension.swift in Sources */,
				B8DD15EE2AD6EE9400685E48 /* CustomIntensityVisualEffectView.swift in Sources */,
				B8DD15E02AD4677800685E48 /* FriendListTableViewCell.swift in Sources */,
				16E42C482AC411A20031486E /* SessionMapViewController.swift in Sources */,
				C904D15E2AD57AD8008BF5CE /* Crew.swift in Sources */,
				C9DE7C332AC01B3C005AFCC6 /* CustomListTableViewCell.swift in Sources */,
				1695CAE42AD4E62500858071 /* Date+Extension.swift in Sources */,
				BF4A12422ABED78400EC1B6D /* SessionStartViewController.swift in Sources */,
				C9DE7C372AC0289E005AFCC6 /* GroupAddTableViewCell.swift in Sources */,
				162E59DA2AD3AC920027A476 /* SessionStartView+Extension.swift in Sources */,
				BF9BD0022ACE5093009DAECD /* ModalQueueView.swift in Sources */,
				B8A3EFDD2AC5F5C600433F5C /* FriendListViewController.swift in Sources */,
				B8DD15E22AD52CC300685E48 /* FriendAddViewController.swift in Sources */,
				C9DC0CC82AD7D83700F06169 /* DefaultAddressTableViewCell.swift in Sources */,
				C93D2CDC2AD298C400CF4735 /* GroupAddModalCollectionViewCell.swift in Sources */,
				BF37D9CD2AB939A3005331AD /* AppDelegate.swift in Sources */,
				C92CFB332AC9B6760068273A /* ColorTheme.swift in Sources */,
				C93D2CDA2AD28F8F00CF4735 /* SelectBoardingCrewModalViewController.swift in Sources */,
				C93D2CD82AD28F7400CF4735 /* SelectBoardingCrewModalView.swift in Sources */,
				B8A20E422AC0BC8900F0CE91 /* LoginViewController.swift in Sources */,
				B8A3EFD92AC5F28100433F5C /* MyPageViewController.swift in Sources */,
				BF7DF9C32ACA6D49001178AF /* Bundle+Extension.swift in Sources */,
				BF37D9CF2AB939A3005331AD /* SceneDelegate.swift in Sources */,
				C92CFB352AC9B6830068273A /* SemanticColor.swift in Sources */,
				BF9BD0002ACE4893009DAECD /* SessionStartView.swift in Sources */,
				16A84F782AD7E0F600C28F5F /* SessionStartMidView.swift in Sources */,
				BF9BCFEF2ACE2BEF009DAECD /* GroupAddView.swift in Sources */,
				B8A3EFDB2AC5F5B400433F5C /* SettingsViewController.swift in Sources */,
				C9DE7C3B2AC05B65005AFCC6 /* SelectAddressViewController.swift in Sources */,
				C9DE7C392AC04AF8005AFCC6 /* GroupDetailViewController.swift in Sources */,
				C904D1612AD57AE8008BF5CE /* Group.swift in Sources */,
				BF29DF2B2ACFFDBC00430031 /* GroupDetailView.swift in Sources */,
				C92CFB392ACBC9180068273A /* CarmuFont.swift in Sources */,
				C93D2CD42AD24F4600CF4735 /* SelectStartTimeModalView.swift in Sources */,
				BF9BCFE82ACDCBFF009DAECD /* LoginView.swift in Sources */,
				B8DD15E82AD641BC00685E48 /* FriendDetailView.swift in Sources */,
				C96A74EC2ACE451900451C64 /* GroupDetailTableViewCell.swift in Sources */,
				16E42C462AC40A510031486E /* ModalQueueViewController.swift in Sources */,
				C904D1562AD5786A008BF5CE /* User.swift in Sources */,
				B8EECE9C2AC96BE5004D310C /* PrivacyViewController.swift in Sources */,
				BF4A12442ABED79F00EC1B6D /* SessionListViewController.swift in Sources */,
				C92CFB3D2ACBFEC60068273A /* NotFoundCrewTableViewCell.swift in Sources */,
				16DBA63F2AC1D5B900315ED7 /* GroupCollectionViewCell.swift in Sources */,
				C92CFB402ACC24F50068273A /* DummyGroup.swift in Sources */,
				C92CFB2A2AC92E420068273A /* UIFont+Extension.swift in Sources */,
				BF4A12472ABED8E900EC1B6D /* UIColor+Extension.swift in Sources */,
				C904D15C2AD57ACB008BF5CE /* Point.swift in Sources */,
				C93D2CD62AD2528F00CF4735 /* SelectStartTimeViewController.swift in Sources */,
				C96A74EE2ACE4B5C00451C64 /* GradientLineView.swift in Sources */,
				C904D1582AD57942008BF5CE /* Friendship.swift in Sources */,
			);
			runOnlyForDeploymentPostprocessing = 0;
		};
/* End PBXSourcesBuildPhase section */

/* Begin PBXVariantGroup section */
		BF37D9D72AB939A4005331AD /* LaunchScreen.storyboard */ = {
			isa = PBXVariantGroup;
			children = (
				BF37D9D82AB939A4005331AD /* Base */,
			);
			name = LaunchScreen.storyboard;
			sourceTree = "<group>";
		};
/* End PBXVariantGroup section */

/* Begin XCBuildConfiguration section */
		BF37D9DB2AB939A4005331AD /* Debug */ = {
			isa = XCBuildConfiguration;
			buildSettings = {
				ALWAYS_SEARCH_USER_PATHS = NO;
				CLANG_ANALYZER_NONNULL = YES;
				CLANG_ANALYZER_NUMBER_OBJECT_CONVERSION = YES_AGGRESSIVE;
				CLANG_CXX_LANGUAGE_STANDARD = "gnu++20";
				CLANG_ENABLE_MODULES = YES;
				CLANG_ENABLE_OBJC_ARC = YES;
				CLANG_ENABLE_OBJC_WEAK = YES;
				CLANG_WARN_BLOCK_CAPTURE_AUTORELEASING = YES;
				CLANG_WARN_BOOL_CONVERSION = YES;
				CLANG_WARN_COMMA = YES;
				CLANG_WARN_CONSTANT_CONVERSION = YES;
				CLANG_WARN_DEPRECATED_OBJC_IMPLEMENTATIONS = YES;
				CLANG_WARN_DIRECT_OBJC_ISA_USAGE = YES_ERROR;
				CLANG_WARN_DOCUMENTATION_COMMENTS = YES;
				CLANG_WARN_EMPTY_BODY = YES;
				CLANG_WARN_ENUM_CONVERSION = YES;
				CLANG_WARN_INFINITE_RECURSION = YES;
				CLANG_WARN_INT_CONVERSION = YES;
				CLANG_WARN_NON_LITERAL_NULL_CONVERSION = YES;
				CLANG_WARN_OBJC_IMPLICIT_RETAIN_SELF = YES;
				CLANG_WARN_OBJC_LITERAL_CONVERSION = YES;
				CLANG_WARN_OBJC_ROOT_CLASS = YES_ERROR;
				CLANG_WARN_QUOTED_INCLUDE_IN_FRAMEWORK_HEADER = YES;
				CLANG_WARN_RANGE_LOOP_ANALYSIS = YES;
				CLANG_WARN_STRICT_PROTOTYPES = YES;
				CLANG_WARN_SUSPICIOUS_MOVE = YES;
				CLANG_WARN_UNGUARDED_AVAILABILITY = YES_AGGRESSIVE;
				CLANG_WARN_UNREACHABLE_CODE = YES;
				CLANG_WARN__DUPLICATE_METHOD_MATCH = YES;
				COPY_PHASE_STRIP = NO;
				DEBUG_INFORMATION_FORMAT = dwarf;
				ENABLE_STRICT_OBJC_MSGSEND = YES;
				ENABLE_TESTABILITY = YES;
				ENABLE_USER_SCRIPT_SANDBOXING = NO;
				GCC_C_LANGUAGE_STANDARD = gnu11;
				GCC_DYNAMIC_NO_PIC = NO;
				GCC_NO_COMMON_BLOCKS = YES;
				GCC_OPTIMIZATION_LEVEL = 0;
				GCC_PREPROCESSOR_DEFINITIONS = (
					"DEBUG=1",
					"$(inherited)",
				);
				GCC_WARN_64_TO_32_BIT_CONVERSION = YES;
				GCC_WARN_ABOUT_RETURN_TYPE = YES_ERROR;
				GCC_WARN_UNDECLARED_SELECTOR = YES;
				GCC_WARN_UNINITIALIZED_AUTOS = YES_AGGRESSIVE;
				GCC_WARN_UNUSED_FUNCTION = YES;
				GCC_WARN_UNUSED_VARIABLE = YES;
				IPHONEOS_DEPLOYMENT_TARGET = 16.2;
				MTL_ENABLE_DEBUG_INFO = INCLUDE_SOURCE;
				MTL_FAST_MATH = YES;
				ONLY_ACTIVE_ARCH = YES;
				SDKROOT = iphoneos;
				SWIFT_ACTIVE_COMPILATION_CONDITIONS = DEBUG;
				SWIFT_OPTIMIZATION_LEVEL = "-Onone";
			};
			name = Debug;
		};
		BF37D9DC2AB939A4005331AD /* Release */ = {
			isa = XCBuildConfiguration;
			buildSettings = {
				ALWAYS_SEARCH_USER_PATHS = NO;
				CLANG_ANALYZER_NONNULL = YES;
				CLANG_ANALYZER_NUMBER_OBJECT_CONVERSION = YES_AGGRESSIVE;
				CLANG_CXX_LANGUAGE_STANDARD = "gnu++20";
				CLANG_ENABLE_MODULES = YES;
				CLANG_ENABLE_OBJC_ARC = YES;
				CLANG_ENABLE_OBJC_WEAK = YES;
				CLANG_WARN_BLOCK_CAPTURE_AUTORELEASING = YES;
				CLANG_WARN_BOOL_CONVERSION = YES;
				CLANG_WARN_COMMA = YES;
				CLANG_WARN_CONSTANT_CONVERSION = YES;
				CLANG_WARN_DEPRECATED_OBJC_IMPLEMENTATIONS = YES;
				CLANG_WARN_DIRECT_OBJC_ISA_USAGE = YES_ERROR;
				CLANG_WARN_DOCUMENTATION_COMMENTS = YES;
				CLANG_WARN_EMPTY_BODY = YES;
				CLANG_WARN_ENUM_CONVERSION = YES;
				CLANG_WARN_INFINITE_RECURSION = YES;
				CLANG_WARN_INT_CONVERSION = YES;
				CLANG_WARN_NON_LITERAL_NULL_CONVERSION = YES;
				CLANG_WARN_OBJC_IMPLICIT_RETAIN_SELF = YES;
				CLANG_WARN_OBJC_LITERAL_CONVERSION = YES;
				CLANG_WARN_OBJC_ROOT_CLASS = YES_ERROR;
				CLANG_WARN_QUOTED_INCLUDE_IN_FRAMEWORK_HEADER = YES;
				CLANG_WARN_RANGE_LOOP_ANALYSIS = YES;
				CLANG_WARN_STRICT_PROTOTYPES = YES;
				CLANG_WARN_SUSPICIOUS_MOVE = YES;
				CLANG_WARN_UNGUARDED_AVAILABILITY = YES_AGGRESSIVE;
				CLANG_WARN_UNREACHABLE_CODE = YES;
				CLANG_WARN__DUPLICATE_METHOD_MATCH = YES;
				COPY_PHASE_STRIP = NO;
				DEBUG_INFORMATION_FORMAT = "dwarf-with-dsym";
				ENABLE_NS_ASSERTIONS = NO;
				ENABLE_STRICT_OBJC_MSGSEND = YES;
				ENABLE_USER_SCRIPT_SANDBOXING = NO;
				GCC_C_LANGUAGE_STANDARD = gnu11;
				GCC_NO_COMMON_BLOCKS = YES;
				GCC_WARN_64_TO_32_BIT_CONVERSION = YES;
				GCC_WARN_ABOUT_RETURN_TYPE = YES_ERROR;
				GCC_WARN_UNDECLARED_SELECTOR = YES;
				GCC_WARN_UNINITIALIZED_AUTOS = YES_AGGRESSIVE;
				GCC_WARN_UNUSED_FUNCTION = YES;
				GCC_WARN_UNUSED_VARIABLE = YES;
				IPHONEOS_DEPLOYMENT_TARGET = 16.2;
				MTL_ENABLE_DEBUG_INFO = NO;
				MTL_FAST_MATH = YES;
				SDKROOT = iphoneos;
				SWIFT_COMPILATION_MODE = wholemodule;
				SWIFT_OPTIMIZATION_LEVEL = "-O";
				VALIDATE_PRODUCT = YES;
			};
			name = Release;
		};
		BF37D9DE2AB939A4005331AD /* Debug */ = {
			isa = XCBuildConfiguration;
			buildSettings = {
				ASSETCATALOG_COMPILER_APPICON_NAME = AppIcon;
				ASSETCATALOG_COMPILER_GLOBAL_ACCENT_COLOR_NAME = AccentColor;
				CODE_SIGN_ENTITLEMENTS = Carmunication/Carmunication.entitlements;
				"CODE_SIGN_IDENTITY[sdk=iphoneos*]" = "iPhone Developer";
				CODE_SIGN_STYLE = Manual;
				CURRENT_PROJECT_VERSION = 1;
				DEVELOPMENT_TEAM = "";
				"DEVELOPMENT_TEAM[sdk=iphoneos*]" = RCM87YWJ79;
				GENERATE_INFOPLIST_FILE = YES;
				INFOPLIST_FILE = Carmunication/Info.plist;
				INFOPLIST_KEY_NSLocationWhenInUseUsageDescription = "동승자에게 위치 정보를 제공하기 위해 권한이 필요합니다.";
				INFOPLIST_KEY_UIApplicationSupportsIndirectInputEvents = YES;
				INFOPLIST_KEY_UILaunchStoryboardName = LaunchScreen;
				INFOPLIST_KEY_UISupportedInterfaceOrientations = UIInterfaceOrientationPortrait;
				INFOPLIST_KEY_UISupportedInterfaceOrientations_iPad = "UIInterfaceOrientationLandscapeLeft UIInterfaceOrientationLandscapeRight UIInterfaceOrientationPortrait UIInterfaceOrientationPortraitUpsideDown";
				IPHONEOS_DEPLOYMENT_TARGET = 16.0;
				LD_RUNPATH_SEARCH_PATHS = (
					"$(inherited)",
					"@executable_path/Frameworks",
				);
				MARKETING_VERSION = 1.0.0;
				OTHER_LDFLAGS = (
					"-Xlinker",
					"-no_warn_duplicate_libraries",
				);
				PRODUCT_BUNDLE_IDENTIFIER = com.dgc.carmunication;
				PRODUCT_NAME = "$(TARGET_NAME)";
				PROVISIONING_PROFILE_SPECIFIER = "";
				"PROVISIONING_PROFILE_SPECIFIER[sdk=iphoneos*]" = Carmu_Development;
				SUPPORTED_PLATFORMS = "iphoneos iphonesimulator";
				SUPPORTS_MACCATALYST = NO;
				SUPPORTS_MAC_DESIGNED_FOR_IPHONE_IPAD = NO;
				SWIFT_EMIT_LOC_STRINGS = YES;
				SWIFT_VERSION = 5.0;
				TARGETED_DEVICE_FAMILY = 1;
			};
			name = Debug;
		};
		BF37D9DF2AB939A4005331AD /* Release */ = {
			isa = XCBuildConfiguration;
			buildSettings = {
				ASSETCATALOG_COMPILER_APPICON_NAME = AppIcon;
				ASSETCATALOG_COMPILER_GLOBAL_ACCENT_COLOR_NAME = AccentColor;
				CODE_SIGN_ENTITLEMENTS = Carmunication/Carmunication.entitlements;
				"CODE_SIGN_IDENTITY[sdk=iphoneos*]" = "iPhone Developer";
				CODE_SIGN_STYLE = Manual;
				CURRENT_PROJECT_VERSION = 1;
				DEVELOPMENT_TEAM = "";
				"DEVELOPMENT_TEAM[sdk=iphoneos*]" = RCM87YWJ79;
				GENERATE_INFOPLIST_FILE = YES;
				INFOPLIST_FILE = Carmunication/Info.plist;
				INFOPLIST_KEY_NSLocationWhenInUseUsageDescription = "동승자에게 위치 정보를 제공하기 위해 권한이 필요합니다.";
				INFOPLIST_KEY_UIApplicationSupportsIndirectInputEvents = YES;
				INFOPLIST_KEY_UILaunchStoryboardName = LaunchScreen;
				INFOPLIST_KEY_UISupportedInterfaceOrientations = UIInterfaceOrientationPortrait;
				INFOPLIST_KEY_UISupportedInterfaceOrientations_iPad = "UIInterfaceOrientationLandscapeLeft UIInterfaceOrientationLandscapeRight UIInterfaceOrientationPortrait UIInterfaceOrientationPortraitUpsideDown";
				IPHONEOS_DEPLOYMENT_TARGET = 16.0;
				LD_RUNPATH_SEARCH_PATHS = (
					"$(inherited)",
					"@executable_path/Frameworks",
				);
				MARKETING_VERSION = 1.0.0;
				OTHER_LDFLAGS = "-no_warn_duplicate_libraries";
				PRODUCT_BUNDLE_IDENTIFIER = com.dgc.carmunication;
				PRODUCT_NAME = "$(TARGET_NAME)";
				PROVISIONING_PROFILE_SPECIFIER = "";
				"PROVISIONING_PROFILE_SPECIFIER[sdk=iphoneos*]" = Carmu_Development;
				SUPPORTED_PLATFORMS = "iphoneos iphonesimulator";
				SUPPORTS_MACCATALYST = NO;
				SUPPORTS_MAC_DESIGNED_FOR_IPHONE_IPAD = NO;
				SWIFT_EMIT_LOC_STRINGS = YES;
				SWIFT_VERSION = 5.0;
				TARGETED_DEVICE_FAMILY = 1;
			};
			name = Release;
		};
/* End XCBuildConfiguration section */

/* Begin XCConfigurationList section */
		BF37D9C42AB939A3005331AD /* Build configuration list for PBXProject "Carmunication" */ = {
			isa = XCConfigurationList;
			buildConfigurations = (
				BF37D9DB2AB939A4005331AD /* Debug */,
				BF37D9DC2AB939A4005331AD /* Release */,
			);
			defaultConfigurationIsVisible = 0;
			defaultConfigurationName = Release;
		};
		BF37D9DD2AB939A4005331AD /* Build configuration list for PBXNativeTarget "Carmunication" */ = {
			isa = XCConfigurationList;
			buildConfigurations = (
				BF37D9DE2AB939A4005331AD /* Debug */,
				BF37D9DF2AB939A4005331AD /* Release */,
			);
			defaultConfigurationIsVisible = 0;
			defaultConfigurationName = Release;
		};
/* End XCConfigurationList section */

/* Begin XCRemoteSwiftPackageReference section */
		B8A20E3B2AC0B46E00F0CE91 /* XCRemoteSwiftPackageReference "firebase-ios-sdk" */ = {
			isa = XCRemoteSwiftPackageReference;
			repositoryURL = "https://github.com/firebase/firebase-ios-sdk.git";
			requirement = {
				kind = upToNextMajorVersion;
				minimumVersion = 10.0.0;
			};
		};
		BF7DF9C42ACA6E21001178AF /* XCRemoteSwiftPackageReference "NMapsMap" */ = {
			isa = XCRemoteSwiftPackageReference;
			repositoryURL = "https://github.com/jaemyeong/NMapsMap";
			requirement = {
				kind = upToNextMajorVersion;
				minimumVersion = 3.16.2;
			};
		};
		BFE876B62AC809A300573B92 /* XCRemoteSwiftPackageReference "SnapKit" */ = {
			isa = XCRemoteSwiftPackageReference;
			repositoryURL = "https://github.com/SnapKit/SnapKit.git";
			requirement = {
				kind = upToNextMajorVersion;
				minimumVersion = 5.6.0;
			};
		};
/* End XCRemoteSwiftPackageReference section */

/* Begin XCSwiftPackageProductDependency section */
		B8A20E3C2AC0B46E00F0CE91 /* FirebaseAnalytics */ = {
			isa = XCSwiftPackageProductDependency;
			package = B8A20E3B2AC0B46E00F0CE91 /* XCRemoteSwiftPackageReference "firebase-ios-sdk" */;
			productName = FirebaseAnalytics;
		};
		B8A20E3E2AC0B46E00F0CE91 /* FirebaseAuth */ = {
			isa = XCSwiftPackageProductDependency;
			package = B8A20E3B2AC0B46E00F0CE91 /* XCRemoteSwiftPackageReference "firebase-ios-sdk" */;
			productName = FirebaseAuth;
		};
		BF24481C2AD6D66200F4089A /* FirebaseDatabase */ = {
			isa = XCSwiftPackageProductDependency;
			package = B8A20E3B2AC0B46E00F0CE91 /* XCRemoteSwiftPackageReference "firebase-ios-sdk" */;
			productName = FirebaseDatabase;
		};
		BF7DF9C52ACA6E21001178AF /* NMapsMap */ = {
			isa = XCSwiftPackageProductDependency;
			package = BF7DF9C42ACA6E21001178AF /* XCRemoteSwiftPackageReference "NMapsMap" */;
			productName = NMapsMap;
		};
		BFE876B72AC809A300573B92 /* SnapKit */ = {
			isa = XCSwiftPackageProductDependency;
			package = BFE876B62AC809A300573B92 /* XCRemoteSwiftPackageReference "SnapKit" */;
			productName = SnapKit;
		};
/* End XCSwiftPackageProductDependency section */
	};
	rootObject = BF37D9C12AB939A3005331AD /* Project object */;
}
