// !$*UTF8*$!
{
	archiveVersion = 1;
	classes = {
	};
	objectVersion = 56;
	objects = {

/* Begin PBXBuildFile section */
		161128DB2B0B2B3400176657 /* ServerPushManager.swift in Sources */ = {isa = PBXBuildFile; fileRef = 161128DA2B0B2B3400176657 /* ServerPushManager.swift */; };
		161128E12B0C384200176657 /* launchGif.gif in Resources */ = {isa = PBXBuildFile; fileRef = 161128E02B0C384200176657 /* launchGif.gif */; };
		16114ADE2AFB1D9C003325B6 /* SessionStartBackView.swift in Sources */ = {isa = PBXBuildFile; fileRef = 16114ADD2AFB1D9C003325B6 /* SessionStartBackView.swift */; };
		161854A72ADFB76600961D2D /* FirebaseMessaging in Frameworks */ = {isa = PBXBuildFile; productRef = 161854A62ADFB76600961D2D /* FirebaseMessaging */; };
		161854AD2AE005F200961D2D /* SessionStartNoCrewView.swift in Sources */ = {isa = PBXBuildFile; fileRef = 161854AC2AE005F200961D2D /* SessionStartNoCrewView.swift */; };
		163422342AFDFFFE00196EB2 /* CarpoolPlanLabel.swift in Sources */ = {isa = PBXBuildFile; fileRef = 163422332AFDFFFE00196EB2 /* CarpoolPlanLabel.swift */; };
		163422362AFE636000196EB2 /* RuleDescriptionViewController.swift in Sources */ = {isa = PBXBuildFile; fileRef = 163422352AFE636000196EB2 /* RuleDescriptionViewController.swift */; };
		163422382AFE67A400196EB2 /* RuleDescriptionView.swift in Sources */ = {isa = PBXBuildFile; fileRef = 163422372AFE67A400196EB2 /* RuleDescriptionView.swift */; };
		1638B91F2B02FBB300C53D0D /* MemberStatus.swift in Sources */ = {isa = PBXBuildFile; fileRef = 1638B91E2B02FBB300C53D0D /* MemberStatus.swift */; };
		163FA65A2AE15F04005F2A77 /* FirebaseFunctions in Frameworks */ = {isa = PBXBuildFile; productRef = 163FA6592AE15F04005F2A77 /* FirebaseFunctions */; };
		164E823D2AF53AB400848BFF /* Point.swift in Sources */ = {isa = PBXBuildFile; fileRef = 164E823C2AF53AB400848BFF /* Point.swift */; };
		165055AD2AFF54C50049EF73 /* StopoverInfoLeftView.swift in Sources */ = {isa = PBXBuildFile; fileRef = 165055AC2AFF54C50049EF73 /* StopoverInfoLeftView.swift */; };
		165055AF2AFF603D0049EF73 /* StopoverInfoRightView.swift in Sources */ = {isa = PBXBuildFile; fileRef = 165055AE2AFF603D0049EF73 /* StopoverInfoRightView.swift */; };
		1667F61D2AFC622400393111 /* CrewCollectionViewCell.swift in Sources */ = {isa = PBXBuildFile; fileRef = 1667F61C2AFC622400393111 /* CrewCollectionViewCell.swift */; };
		16953BED2B0EF57900D65A1F /* UIButton+Extension.swift in Sources */ = {isa = PBXBuildFile; fileRef = 16953BEC2B0EF57900D65A1F /* UIButton+Extension.swift */; };
		1695CAE42AD4E62500858071 /* Date+Extension.swift in Sources */ = {isa = PBXBuildFile; fileRef = 1695CAE32AD4E62500858071 /* Date+Extension.swift */; };
		16A84F782AD7E0F600C28F5F /* SessionStartDriverView.swift in Sources */ = {isa = PBXBuildFile; fileRef = 16A84F772AD7E0F600C28F5F /* SessionStartDriverView.swift */; };
		16AC35172AF3B7280069FAB1 /* SessionStartPassengerView.swift in Sources */ = {isa = PBXBuildFile; fileRef = 16AC35162AF3B7280069FAB1 /* SessionStartPassengerView.swift */; };
		16E42C482AC411A20031486E /* MapViewController.swift in Sources */ = {isa = PBXBuildFile; fileRef = 16E42C472AC411A20031486E /* MapViewController.swift */; };
		B8293CC62B028404002472AE /* RepeatDaySelectModalView.swift in Sources */ = {isa = PBXBuildFile; fileRef = B8293CC52B028404002472AE /* RepeatDaySelectModalView.swift */; };
		B8293CC82B028863002472AE /* RepeatDaySelectModalViewController.swift in Sources */ = {isa = PBXBuildFile; fileRef = B8293CC72B028863002472AE /* RepeatDaySelectModalViewController.swift */; };
		B8293CCB2B0392FC002472AE /* DayButtonCollectionViewCell.swift in Sources */ = {isa = PBXBuildFile; fileRef = B8293CCA2B0392FC002472AE /* DayButtonCollectionViewCell.swift */; };
		B8376E3C2AF936DB007F1E0A /* CrewInfoNoCrewView.swift in Sources */ = {isa = PBXBuildFile; fileRef = B8376E3B2AF936DB007F1E0A /* CrewInfoNoCrewView.swift */; };
		B8376E3E2AF936EB007F1E0A /* CrewInfoDriverView.swift in Sources */ = {isa = PBXBuildFile; fileRef = B8376E3D2AF936EB007F1E0A /* CrewInfoDriverView.swift */; };
		B8376E402AF936F4007F1E0A /* CrewInfoPassengerView.swift in Sources */ = {isa = PBXBuildFile; fileRef = B8376E3F2AF936F4007F1E0A /* CrewInfoPassengerView.swift */; };
		B8376E482AF9BBB1007F1E0A /* NameEditViewController.swift in Sources */ = {isa = PBXBuildFile; fileRef = B8376E472AF9BBB1007F1E0A /* NameEditViewController.swift */; };
		B8376E4A2AF9BC51007F1E0A /* NameEditView.swift in Sources */ = {isa = PBXBuildFile; fileRef = B8376E492AF9BC51007F1E0A /* NameEditView.swift */; };
		B83E23E82AF34E460048ED9A /* ProfileChangeView.swift in Sources */ = {isa = PBXBuildFile; fileRef = B83E23E72AF34E460048ED9A /* ProfileChangeView.swift */; };
		B83E23EA2AF34E550048ED9A /* ProfileChangeViewController.swift in Sources */ = {isa = PBXBuildFile; fileRef = B83E23E92AF34E550048ED9A /* ProfileChangeViewController.swift */; };
		B83E23EC2AF3DBBC0048ED9A /* ProfileImageColor.swift in Sources */ = {isa = PBXBuildFile; fileRef = B83E23EB2AF3DBBC0048ED9A /* ProfileImageColor.swift */; };
		B83E23F02AF3F3600048ED9A /* ProfileImageColorCollectionViewCell.swift in Sources */ = {isa = PBXBuildFile; fileRef = B83E23EF2AF3F3600048ED9A /* ProfileImageColorCollectionViewCell.swift */; };
		B84006AE2B00B2570009DCD2 /* CrewEditViewController.swift in Sources */ = {isa = PBXBuildFile; fileRef = B84006AD2B00B2570009DCD2 /* CrewEditViewController.swift */; };
		B84006B02B00B2690009DCD2 /* CrewEditView.swift in Sources */ = {isa = PBXBuildFile; fileRef = B84006AF2B00B2690009DCD2 /* CrewEditView.swift */; };
		B84B41852B000EFC007AC36F /* QuestionDetailViewController.swift in Sources */ = {isa = PBXBuildFile; fileRef = B84B41842B000EFC007AC36F /* QuestionDetailViewController.swift */; };
		B84B41872B000F0D007AC36F /* QuestionDetailView.swift in Sources */ = {isa = PBXBuildFile; fileRef = B84B41862B000F0D007AC36F /* QuestionDetailView.swift */; };
		B8726B1E2AFDB9990084B49C /* CrewInfoCheckView.swift in Sources */ = {isa = PBXBuildFile; fileRef = B8726B1D2AFDB9990084B49C /* CrewInfoCheckView.swift */; };
		B8726B222AFDBA240084B49C /* CrewInfoCheckViewController.swift in Sources */ = {isa = PBXBuildFile; fileRef = B8726B212AFDBA240084B49C /* CrewInfoCheckViewController.swift */; };
		B87A22D62B0465BB00D8DC49 /* PointEditTableViewCell.swift in Sources */ = {isa = PBXBuildFile; fileRef = B87A22D52B0465BB00D8DC49 /* PointEditTableViewCell.swift */; };
		B87A22DA2B051E8000D8DC49 /* PointType.swift in Sources */ = {isa = PBXBuildFile; fileRef = B87A22D92B051E8000D8DC49 /* PointType.swift */; };
		B8A20E3D2AC0B46E00F0CE91 /* FirebaseAnalytics in Frameworks */ = {isa = PBXBuildFile; productRef = B8A20E3C2AC0B46E00F0CE91 /* FirebaseAnalytics */; };
		B8A20E3F2AC0B46E00F0CE91 /* FirebaseAuth in Frameworks */ = {isa = PBXBuildFile; productRef = B8A20E3E2AC0B46E00F0CE91 /* FirebaseAuth */; };
		B8A20E422AC0BC8900F0CE91 /* LoginViewController.swift in Sources */ = {isa = PBXBuildFile; fileRef = B8A20E412AC0BC8900F0CE91 /* LoginViewController.swift */; };
		B8A3EFD92AC5F28100433F5C /* MyPageViewController.swift in Sources */ = {isa = PBXBuildFile; fileRef = B8A3EFD82AC5F28100433F5C /* MyPageViewController.swift */; };
		B8A3EFDB2AC5F5B400433F5C /* SettingsViewController.swift in Sources */ = {isa = PBXBuildFile; fileRef = B8A3EFDA2AC5F5B400433F5C /* SettingsViewController.swift */; };
		B8D73ABF2AD2914200D211DE /* SettingsView.swift in Sources */ = {isa = PBXBuildFile; fileRef = B8D73ABE2AD2914200D211DE /* SettingsView.swift */; };
		B8D73AC12AD29D6E00D211DE /* PrivacyView.swift in Sources */ = {isa = PBXBuildFile; fileRef = B8D73AC02AD29D6E00D211DE /* PrivacyView.swift */; };
		B8D73AC32AD2FBE600D211DE /* InquiryView.swift in Sources */ = {isa = PBXBuildFile; fileRef = B8D73AC22AD2FBE600D211DE /* InquiryView.swift */; };
		B8DD15EE2AD6EE9400685E48 /* CustomVisualEffectView.swift in Sources */ = {isa = PBXBuildFile; fileRef = B8DD15ED2AD6EE9400685E48 /* CustomVisualEffectView.swift */; };
		B8EA07A02AE188CB007501E9 /* SecureKey-Info.plist in Resources */ = {isa = PBXBuildFile; fileRef = B8EA079F2AE188CB007501E9 /* SecureKey-Info.plist */; };
		B8EC761E2ADFEB6300F83E8F /* Secrets.xcconfig in Resources */ = {isa = PBXBuildFile; fileRef = B8EC761D2ADFEB6300F83E8F /* Secrets.xcconfig */; };
		B8EC76202ADFEBA200F83E8F /* GoogleService-Info.plist in Resources */ = {isa = PBXBuildFile; fileRef = B8EC761F2ADFEBA200F83E8F /* GoogleService-Info.plist */; };
		B8EECE9A2AC96B5F004D310C /* InquiryViewController.swift in Sources */ = {isa = PBXBuildFile; fileRef = B8EECE992AC96B5F004D310C /* InquiryViewController.swift */; };
		B8EECE9C2AC96BE5004D310C /* PrivacyViewController.swift in Sources */ = {isa = PBXBuildFile; fileRef = B8EECE9B2AC96BE5004D310C /* PrivacyViewController.swift */; };
		B8EECEA22ACD6598004D310C /* KeychainItem.swift in Sources */ = {isa = PBXBuildFile; fileRef = B8EECEA12ACD6598004D310C /* KeychainItem.swift */; };
		B8F1F2472B0615790056B733 /* TimeEditButton.swift in Sources */ = {isa = PBXBuildFile; fileRef = B8F1F2462B0615790056B733 /* TimeEditButton.swift */; };
		B8F1F2492B06158F0056B733 /* AddressEditButton.swift in Sources */ = {isa = PBXBuildFile; fileRef = B8F1F2482B06158F0056B733 /* AddressEditButton.swift */; };
		B8F1F24B2B0616E10056B733 /* StopoverRemoveButton.swift in Sources */ = {isa = PBXBuildFile; fileRef = B8F1F24A2B0616E10056B733 /* StopoverRemoveButton.swift */; };
		B8F1F24D2B0619140056B733 /* StopoverAddButton.swift in Sources */ = {isa = PBXBuildFile; fileRef = B8F1F24C2B0619140056B733 /* StopoverAddButton.swift */; };
		BF0AEF9C2ACD7F7600FBB7B8 /* .swiftlint.yml in Resources */ = {isa = PBXBuildFile; fileRef = BF0AEF9B2ACD7F7600FBB7B8 /* .swiftlint.yml */; };
		BF0C33022AE50AFB00A6D8FE /* MapDetailView.swift in Sources */ = {isa = PBXBuildFile; fileRef = BF0C33012AE50AFB00A6D8FE /* MapDetailView.swift */; };
		BF0C33042AE51E7C00A6D8FE /* PaddingLabel.swift in Sources */ = {isa = PBXBuildFile; fileRef = BF0C33032AE51E7C00A6D8FE /* PaddingLabel.swift */; };
		BF24481D2AD6D66200F4089A /* FirebaseDatabase in Frameworks */ = {isa = PBXBuildFile; productRef = BF24481C2AD6D66200F4089A /* FirebaseDatabase */; };
		BF37D9CD2AB939A3005331AD /* AppDelegate.swift in Sources */ = {isa = PBXBuildFile; fileRef = BF37D9CC2AB939A3005331AD /* AppDelegate.swift */; };
		BF37D9CF2AB939A3005331AD /* SceneDelegate.swift in Sources */ = {isa = PBXBuildFile; fileRef = BF37D9CE2AB939A3005331AD /* SceneDelegate.swift */; };
		BF37D9D62AB939A4005331AD /* Assets.xcassets in Resources */ = {isa = PBXBuildFile; fileRef = BF37D9D52AB939A4005331AD /* Assets.xcassets */; };
		BF37D9D92AB939A4005331AD /* LaunchScreen.storyboard in Resources */ = {isa = PBXBuildFile; fileRef = BF37D9D72AB939A4005331AD /* LaunchScreen.storyboard */; };
		BF4A12422ABED78400EC1B6D /* SessionStartViewController.swift in Sources */ = {isa = PBXBuildFile; fileRef = BF4A12412ABED78400EC1B6D /* SessionStartViewController.swift */; };
		BF4A12472ABED8E900EC1B6D /* UIColor+Extension.swift in Sources */ = {isa = PBXBuildFile; fileRef = BF4A12462ABED8E900EC1B6D /* UIColor+Extension.swift */; };
		BF59EFD42B070F5500E6ECF8 /* UIStackView+Extension.swift in Sources */ = {isa = PBXBuildFile; fileRef = BF59EFD32B070F5500E6ECF8 /* UIStackView+Extension.swift */; };
		BF6CEA412B0AE6DD00584D1B /* Coordinate.swift in Sources */ = {isa = PBXBuildFile; fileRef = BF6CEA402B0AE6DD00584D1B /* Coordinate.swift */; };
		BF7DF9C32ACA6D49001178AF /* Bundle+Extension.swift in Sources */ = {isa = PBXBuildFile; fileRef = BF7DF9C22ACA6D49001178AF /* Bundle+Extension.swift */; };
		BF7DF9C62ACA6E21001178AF /* NMapsMap in Frameworks */ = {isa = PBXBuildFile; productRef = BF7DF9C52ACA6E21001178AF /* NMapsMap */; };
		BF801B912AFF36FD005DE2AF /* CrewScrollView.swift in Sources */ = {isa = PBXBuildFile; fileRef = BF801B902AFF36FD005DE2AF /* CrewScrollView.swift */; };
		BF9BCFE82ACDCBFF009DAECD /* LoginView.swift in Sources */ = {isa = PBXBuildFile; fileRef = BF9BCFE72ACDCBFF009DAECD /* LoginView.swift */; };
		BF9BCFFD2ACE458D009DAECD /* MyPageView.swift in Sources */ = {isa = PBXBuildFile; fileRef = BF9BCFFC2ACE458D009DAECD /* MyPageView.swift */; };
		BF9BD0002ACE4893009DAECD /* SessionStartView.swift in Sources */ = {isa = PBXBuildFile; fileRef = BF9BCFFF2ACE4893009DAECD /* SessionStartView.swift */; };
		BFB18D862B02FB23006858C3 /* SessionFinishViewController.swift in Sources */ = {isa = PBXBuildFile; fileRef = BFB18D852B02FB23006858C3 /* SessionFinishViewController.swift */; };
		BFD765862AF7E16F0074277B /* MapView.swift in Sources */ = {isa = PBXBuildFile; fileRef = BFD765852AF7E16F0074277B /* MapView.swift */; };
		BFE876B82AC809A300573B92 /* SnapKit in Frameworks */ = {isa = PBXBuildFile; productRef = BFE876B72AC809A300573B92 /* SnapKit */; };
		BFFA10B22AE61012003CE661 /* NoticeLateViewController.swift in Sources */ = {isa = PBXBuildFile; fileRef = BFFA10B12AE61012003CE661 /* NoticeLateViewController.swift */; };
		BFFA10B42AE62FAF003CE661 /* NoticeLateView.swift in Sources */ = {isa = PBXBuildFile; fileRef = BFFA10B32AE62FAF003CE661 /* NoticeLateView.swift */; };
		C904D1562AD5786A008BF5CE /* User.swift in Sources */ = {isa = PBXBuildFile; fileRef = C904D1552AD5786A008BF5CE /* User.swift */; };
		C904D1612AD57AE8008BF5CE /* Crew.swift in Sources */ = {isa = PBXBuildFile; fileRef = C904D1602AD57AE8008BF5CE /* Crew.swift */; };
		C908AE412B03920500C5A743 /* LoadingView.swift in Sources */ = {isa = PBXBuildFile; fileRef = C908AE402B03920500C5A743 /* LoadingView.swift */; };
		C908AE432B03923600C5A743 /* LoadingViewController.swift in Sources */ = {isa = PBXBuildFile; fileRef = C908AE422B03923600C5A743 /* LoadingViewController.swift */; };
		C90B6BD12B09D59800F51543 /* CrewNameSettingViewController.swift in Sources */ = {isa = PBXBuildFile; fileRef = C90B6BD02B09D59800F51543 /* CrewNameSettingViewController.swift */; };
		C90B6BD32B09D5B700F51543 /* CrewNameSettingView.swift in Sources */ = {isa = PBXBuildFile; fileRef = C90B6BD22B09D5B700F51543 /* CrewNameSettingView.swift */; };
		C90B6BD72B0B36B800F51543 /* GifView.swift in Sources */ = {isa = PBXBuildFile; fileRef = C90B6BD62B0B36B800F51543 /* GifView.swift */; };
		C92CFB2A2AC92E420068273A /* UIFont+Extension.swift in Sources */ = {isa = PBXBuildFile; fileRef = C92CFB292AC92E420068273A /* UIFont+Extension.swift */; };
		C92CFB312AC93C470068273A /* SF-Pro.ttf in Resources */ = {isa = PBXBuildFile; fileRef = C92CFB302AC93C470068273A /* SF-Pro.ttf */; };
		C92CFB332AC9B6760068273A /* ColorTheme.swift in Sources */ = {isa = PBXBuildFile; fileRef = C92CFB322AC9B6760068273A /* ColorTheme.swift */; };
		C92CFB352AC9B6830068273A /* SemanticColor.swift in Sources */ = {isa = PBXBuildFile; fileRef = C92CFB342AC9B6830068273A /* SemanticColor.swift */; };
		C92CFB392ACBC9180068273A /* CarmuFont.swift in Sources */ = {isa = PBXBuildFile; fileRef = C92CFB382ACBC9180068273A /* CarmuFont.swift */; };
		C92CFB3B2ACBF6C40068273A /* UIImage+Extension.swift in Sources */ = {isa = PBXBuildFile; fileRef = C92CFB3A2ACBF6C40068273A /* UIImage+Extension.swift */; };
		C93116662AF382260014E702 /* StopoverPointCheckViewController.swift in Sources */ = {isa = PBXBuildFile; fileRef = C93116652AF382260014E702 /* StopoverPointCheckViewController.swift */; };
		C93116682AF3822D0014E702 /* StopoverPointCheckView.swift in Sources */ = {isa = PBXBuildFile; fileRef = C93116672AF3822D0014E702 /* StopoverPointCheckView.swift */; };
		C931166E2AF3AB980014E702 /* StartEndPointSelectViewController.swift in Sources */ = {isa = PBXBuildFile; fileRef = C931166D2AF3AB980014E702 /* StartEndPointSelectViewController.swift */; };
		C93116702AF3ABB20014E702 /* StartEndPointSelectView.swift in Sources */ = {isa = PBXBuildFile; fileRef = C931166F2AF3ABB20014E702 /* StartEndPointSelectView.swift */; };
		C93116722AF3B5190014E702 /* SelectAddressViewController.swift in Sources */ = {isa = PBXBuildFile; fileRef = C93116712AF3B5190014E702 /* SelectAddressViewController.swift */; };
		C93116742AF3B5320014E702 /* SelectAddressView.swift in Sources */ = {isa = PBXBuildFile; fileRef = C93116732AF3B5320014E702 /* SelectAddressView.swift */; };
		C93116762AF3B5F00014E702 /* SelectAddressTableViewCell.swift in Sources */ = {isa = PBXBuildFile; fileRef = C93116752AF3B5F00014E702 /* SelectAddressTableViewCell.swift */; };
		C93116782AF3B6310014E702 /* DefaultAddressTableViewCell.swift in Sources */ = {isa = PBXBuildFile; fileRef = C93116772AF3B6310014E702 /* DefaultAddressTableViewCell.swift */; };
		C931167A2AF3B69F0014E702 /* SelectAddressDTO.swift in Sources */ = {isa = PBXBuildFile; fileRef = C93116792AF3B69F0014E702 /* SelectAddressDTO.swift */; };
		C931167C2AF3B7070014E702 /* AddressDTO.swift in Sources */ = {isa = PBXBuildFile; fileRef = C931167B2AF3B7070014E702 /* AddressDTO.swift */; };
		C931167E2AF3B7760014E702 /* SelectDetailPointMapViewController.swift in Sources */ = {isa = PBXBuildFile; fileRef = C931167D2AF3B7760014E702 /* SelectDetailPointMapViewController.swift */; };
		C93116802AF3B7E30014E702 /* SelectDetailPointMapView.swift in Sources */ = {isa = PBXBuildFile; fileRef = C931167F2AF3B7E30014E702 /* SelectDetailPointMapView.swift */; };
		C95462152AF74D46004C4F6D /* TimeSelectCellView.swift in Sources */ = {isa = PBXBuildFile; fileRef = C95462142AF74D46004C4F6D /* TimeSelectCellView.swift */; };
		C95462172AF75A29004C4F6D /* TimeSelectModalView.swift in Sources */ = {isa = PBXBuildFile; fileRef = C95462162AF75A29004C4F6D /* TimeSelectModalView.swift */; };
		C95462192AF75A42004C4F6D /* TimeSelectModalViewController.swift in Sources */ = {isa = PBXBuildFile; fileRef = C95462182AF75A42004C4F6D /* TimeSelectModalViewController.swift */; };
		C954621E2AF77D9D004C4F6D /* NextButton.swift in Sources */ = {isa = PBXBuildFile; fileRef = C954621D2AF77D9D004C4F6D /* NextButton.swift */; };
		C95462202AF77FF8004C4F6D /* DaySelectButton.swift in Sources */ = {isa = PBXBuildFile; fileRef = C954621F2AF77FF8004C4F6D /* DaySelectButton.swift */; };
		C95C07AE2AE0BB5A007E7589 /* FirebaseManager.swift in Sources */ = {isa = PBXBuildFile; fileRef = C95C07AD2AE0BB5A007E7589 /* FirebaseManager.swift */; };
		C97EAB522B0B507D00E21B72 /* LaunchScreenView.swift in Sources */ = {isa = PBXBuildFile; fileRef = C97EAB512B0B507D00E21B72 /* LaunchScreenView.swift */; };
		C97EAB562B0B550D00E21B72 /* LaunchScreenViewController.swift in Sources */ = {isa = PBXBuildFile; fileRef = C97EAB552B0B550D00E21B72 /* LaunchScreenViewController.swift */; };
		C9C7C1212ADE25590016DE13 /* String+Extension.swift in Sources */ = {isa = PBXBuildFile; fileRef = C9C7C1202ADE25590016DE13 /* String+Extension.swift */; };
		C9D04C652AF89953007E615B /* RightNavigationBarButton.swift in Sources */ = {isa = PBXBuildFile; fileRef = C9D04C642AF89953007E615B /* RightNavigationBarButton.swift */; };
		C9D04C692AF9D312007E615B /* DayOfWeek.swift in Sources */ = {isa = PBXBuildFile; fileRef = C9D04C682AF9D312007E615B /* DayOfWeek.swift */; };
		C9D04C6B2AFB7864007E615B /* AddressSelectButtonView.swift in Sources */ = {isa = PBXBuildFile; fileRef = C9D04C6A2AFB7864007E615B /* AddressSelectButtonView.swift */; };
		C9D04C6E2AFB81B2007E615B /* StopoverPointSelectView.swift in Sources */ = {isa = PBXBuildFile; fileRef = C9D04C6D2AFB81B2007E615B /* StopoverPointSelectView.swift */; };
		C9D04C712AFB81F9007E615B /* StopoverPointSelectViewController.swift in Sources */ = {isa = PBXBuildFile; fileRef = C9D04C702AFB81F9007E615B /* StopoverPointSelectViewController.swift */; };
		C9D04C732AFC65BE007E615B /* StopoverPointAddButtonView.swift in Sources */ = {isa = PBXBuildFile; fileRef = C9D04C722AFC65BE007E615B /* StopoverPointAddButtonView.swift */; };
		C9D04C752AFCD315007E615B /* SelectAddressButtonProtocol.swift in Sources */ = {isa = PBXBuildFile; fileRef = C9D04C742AFCD315007E615B /* SelectAddressButtonProtocol.swift */; };
		C9D04C7C2AFE5AAF007E615B /* SelectDetailStopoverPointView.swift in Sources */ = {isa = PBXBuildFile; fileRef = C9D04C7B2AFE5AAF007E615B /* SelectDetailStopoverPointView.swift */; };
		C9D04C7E2AFE5BFD007E615B /* SelectDetailStopoverPointViewController.swift in Sources */ = {isa = PBXBuildFile; fileRef = C9D04C7D2AFE5BFD007E615B /* SelectDetailStopoverPointViewController.swift */; };
		C9D8E4DC2AF4814E007570EE /* TimeSelectViewController.swift in Sources */ = {isa = PBXBuildFile; fileRef = C9D8E4DB2AF4814E007570EE /* TimeSelectViewController.swift */; };
		C9D8E4DE2AF48172007570EE /* TimeSelectView.swift in Sources */ = {isa = PBXBuildFile; fileRef = C9D8E4DD2AF48172007570EE /* TimeSelectView.swift */; };
		C9D8E4E02AF482B9007570EE /* RepeatDaySelectViewController.swift in Sources */ = {isa = PBXBuildFile; fileRef = C9D8E4DF2AF482B9007570EE /* RepeatDaySelectViewController.swift */; };
		C9D8E4E22AF482D0007570EE /* RepeatDaySelectView.swift in Sources */ = {isa = PBXBuildFile; fileRef = C9D8E4E12AF482D0007570EE /* RepeatDaySelectView.swift */; };
		C9D8E4E42AF484B3007570EE /* FinalConfirmView.swift in Sources */ = {isa = PBXBuildFile; fileRef = C9D8E4E32AF484B3007570EE /* FinalConfirmView.swift */; };
		C9D8E4E62AF484F3007570EE /* FinalConfirmViewController.swift in Sources */ = {isa = PBXBuildFile; fileRef = C9D8E4E52AF484F3007570EE /* FinalConfirmViewController.swift */; };
		C9D8E4E82AF48650007570EE /* CodeShareViewController.swift in Sources */ = {isa = PBXBuildFile; fileRef = C9D8E4E72AF48650007570EE /* CodeShareViewController.swift */; };
		C9D8E4EA2AF486B6007570EE /* CodeShareView.swift in Sources */ = {isa = PBXBuildFile; fileRef = C9D8E4E92AF486B6007570EE /* CodeShareView.swift */; };
		C9F43BCB2AF2151500BAA0E3 /* PositionSelectViewController.swift in Sources */ = {isa = PBXBuildFile; fileRef = C9F43BCA2AF2151500BAA0E3 /* PositionSelectViewController.swift */; };
		C9F43BCE2AF2155400BAA0E3 /* PositionSelectView.swift in Sources */ = {isa = PBXBuildFile; fileRef = C9F43BCD2AF2155400BAA0E3 /* PositionSelectView.swift */; };
		C9F43BD02AF2186A00BAA0E3 /* CrewMakeUtil.swift in Sources */ = {isa = PBXBuildFile; fileRef = C9F43BCF2AF2186A00BAA0E3 /* CrewMakeUtil.swift */; };
		C9F43BD22AF227B100BAA0E3 /* LargeSelectButton.swift in Sources */ = {isa = PBXBuildFile; fileRef = C9F43BD12AF227B100BAA0E3 /* LargeSelectButton.swift */; };
		C9F43BD92AF26FEE00BAA0E3 /* InviteCodeInputViewController.swift in Sources */ = {isa = PBXBuildFile; fileRef = C9F43BD82AF26FEE00BAA0E3 /* InviteCodeInputViewController.swift */; };
		C9F43BDB2AF2700400BAA0E3 /* InviteCodeInputView.swift in Sources */ = {isa = PBXBuildFile; fileRef = C9F43BDA2AF2700400BAA0E3 /* InviteCodeInputView.swift */; };
		C9F43BDD2AF2C06C00BAA0E3 /* BoardingPointSelectViewController.swift in Sources */ = {isa = PBXBuildFile; fileRef = C9F43BDC2AF2C06C00BAA0E3 /* BoardingPointSelectViewController.swift */; };
		C9F43BDF2AF2C09500BAA0E3 /* BoardingPointSelectView.swift in Sources */ = {isa = PBXBuildFile; fileRef = C9F43BDE2AF2C09500BAA0E3 /* BoardingPointSelectView.swift */; };
		C9F43BE12AF3430C00BAA0E3 /* StopoverSelectButton.swift in Sources */ = {isa = PBXBuildFile; fileRef = C9F43BE02AF3430C00BAA0E3 /* StopoverSelectButton.swift */; };
/* End PBXBuildFile section */

/* Begin PBXFileReference section */
		161128DA2B0B2B3400176657 /* ServerPushManager.swift */ = {isa = PBXFileReference; lastKnownFileType = sourcecode.swift; path = ServerPushManager.swift; sourceTree = "<group>"; };
		161128E02B0C384200176657 /* launchGif.gif */ = {isa = PBXFileReference; lastKnownFileType = image.gif; path = launchGif.gif; sourceTree = "<group>"; };
		16114ADD2AFB1D9C003325B6 /* SessionStartBackView.swift */ = {isa = PBXFileReference; lastKnownFileType = sourcecode.swift; path = SessionStartBackView.swift; sourceTree = "<group>"; };
		161854AC2AE005F200961D2D /* SessionStartNoCrewView.swift */ = {isa = PBXFileReference; lastKnownFileType = sourcecode.swift; path = SessionStartNoCrewView.swift; sourceTree = "<group>"; };
		163422332AFDFFFE00196EB2 /* CarpoolPlanLabel.swift */ = {isa = PBXFileReference; lastKnownFileType = sourcecode.swift; path = CarpoolPlanLabel.swift; sourceTree = "<group>"; };
		163422352AFE636000196EB2 /* RuleDescriptionViewController.swift */ = {isa = PBXFileReference; lastKnownFileType = sourcecode.swift; path = RuleDescriptionViewController.swift; sourceTree = "<group>"; };
		163422372AFE67A400196EB2 /* RuleDescriptionView.swift */ = {isa = PBXFileReference; lastKnownFileType = sourcecode.swift; path = RuleDescriptionView.swift; sourceTree = "<group>"; };
		1638B91E2B02FBB300C53D0D /* MemberStatus.swift */ = {isa = PBXFileReference; lastKnownFileType = sourcecode.swift; path = MemberStatus.swift; sourceTree = "<group>"; };
		164E823C2AF53AB400848BFF /* Point.swift */ = {isa = PBXFileReference; lastKnownFileType = sourcecode.swift; path = Point.swift; sourceTree = "<group>"; };
		165055AC2AFF54C50049EF73 /* StopoverInfoLeftView.swift */ = {isa = PBXFileReference; lastKnownFileType = sourcecode.swift; path = StopoverInfoLeftView.swift; sourceTree = "<group>"; };
		165055AE2AFF603D0049EF73 /* StopoverInfoRightView.swift */ = {isa = PBXFileReference; lastKnownFileType = sourcecode.swift; path = StopoverInfoRightView.swift; sourceTree = "<group>"; };
		1667F61C2AFC622400393111 /* CrewCollectionViewCell.swift */ = {isa = PBXFileReference; lastKnownFileType = sourcecode.swift; path = CrewCollectionViewCell.swift; sourceTree = "<group>"; };
		16953BEC2B0EF57900D65A1F /* UIButton+Extension.swift */ = {isa = PBXFileReference; lastKnownFileType = sourcecode.swift; path = "UIButton+Extension.swift"; sourceTree = "<group>"; };
		1695CAE32AD4E62500858071 /* Date+Extension.swift */ = {isa = PBXFileReference; lastKnownFileType = sourcecode.swift; path = "Date+Extension.swift"; sourceTree = "<group>"; };
		16A84F772AD7E0F600C28F5F /* SessionStartDriverView.swift */ = {isa = PBXFileReference; lastKnownFileType = sourcecode.swift; path = SessionStartDriverView.swift; sourceTree = "<group>"; };
		16AC35162AF3B7280069FAB1 /* SessionStartPassengerView.swift */ = {isa = PBXFileReference; lastKnownFileType = sourcecode.swift; path = SessionStartPassengerView.swift; sourceTree = "<group>"; };
		16E42C472AC411A20031486E /* MapViewController.swift */ = {isa = PBXFileReference; lastKnownFileType = sourcecode.swift; path = MapViewController.swift; sourceTree = "<group>"; };
		B8293CC52B028404002472AE /* RepeatDaySelectModalView.swift */ = {isa = PBXFileReference; lastKnownFileType = sourcecode.swift; path = RepeatDaySelectModalView.swift; sourceTree = "<group>"; };
		B8293CC72B028863002472AE /* RepeatDaySelectModalViewController.swift */ = {isa = PBXFileReference; lastKnownFileType = sourcecode.swift; path = RepeatDaySelectModalViewController.swift; sourceTree = "<group>"; };
		B8293CCA2B0392FC002472AE /* DayButtonCollectionViewCell.swift */ = {isa = PBXFileReference; lastKnownFileType = sourcecode.swift; path = DayButtonCollectionViewCell.swift; sourceTree = "<group>"; };
		B8376E3B2AF936DB007F1E0A /* CrewInfoNoCrewView.swift */ = {isa = PBXFileReference; lastKnownFileType = sourcecode.swift; path = CrewInfoNoCrewView.swift; sourceTree = "<group>"; };
		B8376E3D2AF936EB007F1E0A /* CrewInfoDriverView.swift */ = {isa = PBXFileReference; lastKnownFileType = sourcecode.swift; path = CrewInfoDriverView.swift; sourceTree = "<group>"; };
		B8376E3F2AF936F4007F1E0A /* CrewInfoPassengerView.swift */ = {isa = PBXFileReference; lastKnownFileType = sourcecode.swift; path = CrewInfoPassengerView.swift; sourceTree = "<group>"; };
		B8376E472AF9BBB1007F1E0A /* NameEditViewController.swift */ = {isa = PBXFileReference; lastKnownFileType = sourcecode.swift; path = NameEditViewController.swift; sourceTree = "<group>"; };
		B8376E492AF9BC51007F1E0A /* NameEditView.swift */ = {isa = PBXFileReference; lastKnownFileType = sourcecode.swift; path = NameEditView.swift; sourceTree = "<group>"; };
		B83E23E72AF34E460048ED9A /* ProfileChangeView.swift */ = {isa = PBXFileReference; lastKnownFileType = sourcecode.swift; path = ProfileChangeView.swift; sourceTree = "<group>"; };
		B83E23E92AF34E550048ED9A /* ProfileChangeViewController.swift */ = {isa = PBXFileReference; lastKnownFileType = sourcecode.swift; path = ProfileChangeViewController.swift; sourceTree = "<group>"; };
		B83E23EB2AF3DBBC0048ED9A /* ProfileImageColor.swift */ = {isa = PBXFileReference; lastKnownFileType = sourcecode.swift; path = ProfileImageColor.swift; sourceTree = "<group>"; };
		B83E23EF2AF3F3600048ED9A /* ProfileImageColorCollectionViewCell.swift */ = {isa = PBXFileReference; lastKnownFileType = sourcecode.swift; path = ProfileImageColorCollectionViewCell.swift; sourceTree = "<group>"; };
		B84006AD2B00B2570009DCD2 /* CrewEditViewController.swift */ = {isa = PBXFileReference; lastKnownFileType = sourcecode.swift; path = CrewEditViewController.swift; sourceTree = "<group>"; };
		B84006AF2B00B2690009DCD2 /* CrewEditView.swift */ = {isa = PBXFileReference; lastKnownFileType = sourcecode.swift; path = CrewEditView.swift; sourceTree = "<group>"; };
		B84B41842B000EFC007AC36F /* QuestionDetailViewController.swift */ = {isa = PBXFileReference; lastKnownFileType = sourcecode.swift; path = QuestionDetailViewController.swift; sourceTree = "<group>"; };
		B84B41862B000F0D007AC36F /* QuestionDetailView.swift */ = {isa = PBXFileReference; lastKnownFileType = sourcecode.swift; path = QuestionDetailView.swift; sourceTree = "<group>"; };
		B8726B1D2AFDB9990084B49C /* CrewInfoCheckView.swift */ = {isa = PBXFileReference; lastKnownFileType = sourcecode.swift; path = CrewInfoCheckView.swift; sourceTree = "<group>"; };
		B8726B212AFDBA240084B49C /* CrewInfoCheckViewController.swift */ = {isa = PBXFileReference; lastKnownFileType = sourcecode.swift; path = CrewInfoCheckViewController.swift; sourceTree = "<group>"; };
		B87A22D52B0465BB00D8DC49 /* PointEditTableViewCell.swift */ = {isa = PBXFileReference; lastKnownFileType = sourcecode.swift; path = PointEditTableViewCell.swift; sourceTree = "<group>"; };
		B87A22D92B051E8000D8DC49 /* PointType.swift */ = {isa = PBXFileReference; lastKnownFileType = sourcecode.swift; path = PointType.swift; sourceTree = "<group>"; };
		B8A20E402AC0B9F400F0CE91 /* Carmu.entitlements */ = {isa = PBXFileReference; lastKnownFileType = text.plist.entitlements; path = Carmu.entitlements; sourceTree = "<group>"; };
		B8A20E412AC0BC8900F0CE91 /* LoginViewController.swift */ = {isa = PBXFileReference; lastKnownFileType = sourcecode.swift; path = LoginViewController.swift; sourceTree = "<group>"; };
		B8A3EFD82AC5F28100433F5C /* MyPageViewController.swift */ = {isa = PBXFileReference; lastKnownFileType = sourcecode.swift; path = MyPageViewController.swift; sourceTree = "<group>"; };
		B8A3EFDA2AC5F5B400433F5C /* SettingsViewController.swift */ = {isa = PBXFileReference; lastKnownFileType = sourcecode.swift; path = SettingsViewController.swift; sourceTree = "<group>"; };
		B8D73ABE2AD2914200D211DE /* SettingsView.swift */ = {isa = PBXFileReference; lastKnownFileType = sourcecode.swift; path = SettingsView.swift; sourceTree = "<group>"; };
		B8D73AC02AD29D6E00D211DE /* PrivacyView.swift */ = {isa = PBXFileReference; lastKnownFileType = sourcecode.swift; path = PrivacyView.swift; sourceTree = "<group>"; };
		B8D73AC22AD2FBE600D211DE /* InquiryView.swift */ = {isa = PBXFileReference; lastKnownFileType = sourcecode.swift; path = InquiryView.swift; sourceTree = "<group>"; };
		B8DD15ED2AD6EE9400685E48 /* CustomVisualEffectView.swift */ = {isa = PBXFileReference; lastKnownFileType = sourcecode.swift; path = CustomVisualEffectView.swift; sourceTree = "<group>"; };
		B8EA079F2AE188CB007501E9 /* SecureKey-Info.plist */ = {isa = PBXFileReference; fileEncoding = 4; lastKnownFileType = text.plist.xml; path = "SecureKey-Info.plist"; sourceTree = "<group>"; };
		B8EC761D2ADFEB6300F83E8F /* Secrets.xcconfig */ = {isa = PBXFileReference; fileEncoding = 4; lastKnownFileType = text.xcconfig; path = Secrets.xcconfig; sourceTree = "<group>"; };
		B8EC761F2ADFEBA200F83E8F /* GoogleService-Info.plist */ = {isa = PBXFileReference; fileEncoding = 4; lastKnownFileType = text.plist.xml; path = "GoogleService-Info.plist"; sourceTree = "<group>"; };
		B8EECE992AC96B5F004D310C /* InquiryViewController.swift */ = {isa = PBXFileReference; lastKnownFileType = sourcecode.swift; path = InquiryViewController.swift; sourceTree = "<group>"; };
		B8EECE9B2AC96BE5004D310C /* PrivacyViewController.swift */ = {isa = PBXFileReference; lastKnownFileType = sourcecode.swift; path = PrivacyViewController.swift; sourceTree = "<group>"; };
		B8EECEA12ACD6598004D310C /* KeychainItem.swift */ = {isa = PBXFileReference; lastKnownFileType = sourcecode.swift; path = KeychainItem.swift; sourceTree = "<group>"; };
		B8F1F2462B0615790056B733 /* TimeEditButton.swift */ = {isa = PBXFileReference; lastKnownFileType = sourcecode.swift; path = TimeEditButton.swift; sourceTree = "<group>"; };
		B8F1F2482B06158F0056B733 /* AddressEditButton.swift */ = {isa = PBXFileReference; lastKnownFileType = sourcecode.swift; path = AddressEditButton.swift; sourceTree = "<group>"; };
		B8F1F24A2B0616E10056B733 /* StopoverRemoveButton.swift */ = {isa = PBXFileReference; lastKnownFileType = sourcecode.swift; path = StopoverRemoveButton.swift; sourceTree = "<group>"; };
		B8F1F24C2B0619140056B733 /* StopoverAddButton.swift */ = {isa = PBXFileReference; lastKnownFileType = sourcecode.swift; path = StopoverAddButton.swift; sourceTree = "<group>"; };
		BF0AEF9B2ACD7F7600FBB7B8 /* .swiftlint.yml */ = {isa = PBXFileReference; lastKnownFileType = text.yaml; path = .swiftlint.yml; sourceTree = "<group>"; };
		BF0C33012AE50AFB00A6D8FE /* MapDetailView.swift */ = {isa = PBXFileReference; lastKnownFileType = sourcecode.swift; path = MapDetailView.swift; sourceTree = "<group>"; };
		BF0C33032AE51E7C00A6D8FE /* PaddingLabel.swift */ = {isa = PBXFileReference; lastKnownFileType = sourcecode.swift; path = PaddingLabel.swift; sourceTree = "<group>"; };
		BF37D9C92AB939A3005331AD /* Carmu.app */ = {isa = PBXFileReference; explicitFileType = wrapper.application; includeInIndex = 0; path = Carmu.app; sourceTree = BUILT_PRODUCTS_DIR; };
		BF37D9CC2AB939A3005331AD /* AppDelegate.swift */ = {isa = PBXFileReference; lastKnownFileType = sourcecode.swift; path = AppDelegate.swift; sourceTree = "<group>"; };
		BF37D9CE2AB939A3005331AD /* SceneDelegate.swift */ = {isa = PBXFileReference; lastKnownFileType = sourcecode.swift; path = SceneDelegate.swift; sourceTree = "<group>"; };
		BF37D9D52AB939A4005331AD /* Assets.xcassets */ = {isa = PBXFileReference; lastKnownFileType = folder.assetcatalog; path = Assets.xcassets; sourceTree = "<group>"; };
		BF37D9D82AB939A4005331AD /* Base */ = {isa = PBXFileReference; lastKnownFileType = file.storyboard; name = Base; path = Base.lproj/LaunchScreen.storyboard; sourceTree = "<group>"; };
		BF37D9DA2AB939A4005331AD /* Info.plist */ = {isa = PBXFileReference; lastKnownFileType = text.plist.xml; path = Info.plist; sourceTree = "<group>"; };
		BF4A12412ABED78400EC1B6D /* SessionStartViewController.swift */ = {isa = PBXFileReference; lastKnownFileType = sourcecode.swift; path = SessionStartViewController.swift; sourceTree = "<group>"; };
		BF4A12462ABED8E900EC1B6D /* UIColor+Extension.swift */ = {isa = PBXFileReference; lastKnownFileType = sourcecode.swift; path = "UIColor+Extension.swift"; sourceTree = "<group>"; };
		BF59EFD32B070F5500E6ECF8 /* UIStackView+Extension.swift */ = {isa = PBXFileReference; lastKnownFileType = sourcecode.swift; path = "UIStackView+Extension.swift"; sourceTree = "<group>"; };
		BF6CEA402B0AE6DD00584D1B /* Coordinate.swift */ = {isa = PBXFileReference; lastKnownFileType = sourcecode.swift; path = Coordinate.swift; sourceTree = "<group>"; };
		BF7DF9C22ACA6D49001178AF /* Bundle+Extension.swift */ = {isa = PBXFileReference; lastKnownFileType = sourcecode.swift; path = "Bundle+Extension.swift"; sourceTree = "<group>"; };
		BF801B902AFF36FD005DE2AF /* CrewScrollView.swift */ = {isa = PBXFileReference; lastKnownFileType = sourcecode.swift; path = CrewScrollView.swift; sourceTree = "<group>"; };
		BF9BCFE72ACDCBFF009DAECD /* LoginView.swift */ = {isa = PBXFileReference; lastKnownFileType = sourcecode.swift; path = LoginView.swift; sourceTree = "<group>"; };
		BF9BCFFC2ACE458D009DAECD /* MyPageView.swift */ = {isa = PBXFileReference; lastKnownFileType = sourcecode.swift; path = MyPageView.swift; sourceTree = "<group>"; };
		BF9BCFFF2ACE4893009DAECD /* SessionStartView.swift */ = {isa = PBXFileReference; lastKnownFileType = sourcecode.swift; path = SessionStartView.swift; sourceTree = "<group>"; };
		BFB18D852B02FB23006858C3 /* SessionFinishViewController.swift */ = {isa = PBXFileReference; lastKnownFileType = sourcecode.swift; path = SessionFinishViewController.swift; sourceTree = "<group>"; };
		BFD765852AF7E16F0074277B /* MapView.swift */ = {isa = PBXFileReference; lastKnownFileType = sourcecode.swift; path = MapView.swift; sourceTree = "<group>"; };
		BFFA10B12AE61012003CE661 /* NoticeLateViewController.swift */ = {isa = PBXFileReference; lastKnownFileType = sourcecode.swift; path = NoticeLateViewController.swift; sourceTree = "<group>"; };
		BFFA10B32AE62FAF003CE661 /* NoticeLateView.swift */ = {isa = PBXFileReference; lastKnownFileType = sourcecode.swift; path = NoticeLateView.swift; sourceTree = "<group>"; };
		C904D1552AD5786A008BF5CE /* User.swift */ = {isa = PBXFileReference; lastKnownFileType = sourcecode.swift; path = User.swift; sourceTree = "<group>"; };
		C904D1602AD57AE8008BF5CE /* Crew.swift */ = {isa = PBXFileReference; lastKnownFileType = sourcecode.swift; path = Crew.swift; sourceTree = "<group>"; };
		C908AE402B03920500C5A743 /* LoadingView.swift */ = {isa = PBXFileReference; lastKnownFileType = sourcecode.swift; path = LoadingView.swift; sourceTree = "<group>"; };
		C908AE422B03923600C5A743 /* LoadingViewController.swift */ = {isa = PBXFileReference; lastKnownFileType = sourcecode.swift; path = LoadingViewController.swift; sourceTree = "<group>"; };
		C90B6BD02B09D59800F51543 /* CrewNameSettingViewController.swift */ = {isa = PBXFileReference; lastKnownFileType = sourcecode.swift; path = CrewNameSettingViewController.swift; sourceTree = "<group>"; };
		C90B6BD22B09D5B700F51543 /* CrewNameSettingView.swift */ = {isa = PBXFileReference; lastKnownFileType = sourcecode.swift; path = CrewNameSettingView.swift; sourceTree = "<group>"; };
		C90B6BD62B0B36B800F51543 /* GifView.swift */ = {isa = PBXFileReference; lastKnownFileType = sourcecode.swift; path = GifView.swift; sourceTree = "<group>"; };
		C92CFB292AC92E420068273A /* UIFont+Extension.swift */ = {isa = PBXFileReference; lastKnownFileType = sourcecode.swift; path = "UIFont+Extension.swift"; sourceTree = "<group>"; };
		C92CFB302AC93C470068273A /* SF-Pro.ttf */ = {isa = PBXFileReference; lastKnownFileType = file; path = "SF-Pro.ttf"; sourceTree = "<group>"; };
		C92CFB322AC9B6760068273A /* ColorTheme.swift */ = {isa = PBXFileReference; lastKnownFileType = sourcecode.swift; path = ColorTheme.swift; sourceTree = "<group>"; };
		C92CFB342AC9B6830068273A /* SemanticColor.swift */ = {isa = PBXFileReference; lastKnownFileType = sourcecode.swift; path = SemanticColor.swift; sourceTree = "<group>"; };
		C92CFB382ACBC9180068273A /* CarmuFont.swift */ = {isa = PBXFileReference; lastKnownFileType = sourcecode.swift; path = CarmuFont.swift; sourceTree = "<group>"; };
		C92CFB3A2ACBF6C40068273A /* UIImage+Extension.swift */ = {isa = PBXFileReference; lastKnownFileType = sourcecode.swift; path = "UIImage+Extension.swift"; sourceTree = "<group>"; };
		C93116652AF382260014E702 /* StopoverPointCheckViewController.swift */ = {isa = PBXFileReference; lastKnownFileType = sourcecode.swift; path = StopoverPointCheckViewController.swift; sourceTree = "<group>"; };
		C93116672AF3822D0014E702 /* StopoverPointCheckView.swift */ = {isa = PBXFileReference; lastKnownFileType = sourcecode.swift; path = StopoverPointCheckView.swift; sourceTree = "<group>"; };
		C931166D2AF3AB980014E702 /* StartEndPointSelectViewController.swift */ = {isa = PBXFileReference; lastKnownFileType = sourcecode.swift; path = StartEndPointSelectViewController.swift; sourceTree = "<group>"; };
		C931166F2AF3ABB20014E702 /* StartEndPointSelectView.swift */ = {isa = PBXFileReference; lastKnownFileType = sourcecode.swift; path = StartEndPointSelectView.swift; sourceTree = "<group>"; };
		C93116712AF3B5190014E702 /* SelectAddressViewController.swift */ = {isa = PBXFileReference; lastKnownFileType = sourcecode.swift; path = SelectAddressViewController.swift; sourceTree = "<group>"; };
		C93116732AF3B5320014E702 /* SelectAddressView.swift */ = {isa = PBXFileReference; lastKnownFileType = sourcecode.swift; path = SelectAddressView.swift; sourceTree = "<group>"; };
		C93116752AF3B5F00014E702 /* SelectAddressTableViewCell.swift */ = {isa = PBXFileReference; lastKnownFileType = sourcecode.swift; path = SelectAddressTableViewCell.swift; sourceTree = "<group>"; };
		C93116772AF3B6310014E702 /* DefaultAddressTableViewCell.swift */ = {isa = PBXFileReference; lastKnownFileType = sourcecode.swift; path = DefaultAddressTableViewCell.swift; sourceTree = "<group>"; };
		C93116792AF3B69F0014E702 /* SelectAddressDTO.swift */ = {isa = PBXFileReference; lastKnownFileType = sourcecode.swift; path = SelectAddressDTO.swift; sourceTree = "<group>"; };
		C931167B2AF3B7070014E702 /* AddressDTO.swift */ = {isa = PBXFileReference; lastKnownFileType = sourcecode.swift; path = AddressDTO.swift; sourceTree = "<group>"; };
		C931167D2AF3B7760014E702 /* SelectDetailPointMapViewController.swift */ = {isa = PBXFileReference; lastKnownFileType = sourcecode.swift; path = SelectDetailPointMapViewController.swift; sourceTree = "<group>"; };
		C931167F2AF3B7E30014E702 /* SelectDetailPointMapView.swift */ = {isa = PBXFileReference; lastKnownFileType = sourcecode.swift; path = SelectDetailPointMapView.swift; sourceTree = "<group>"; };
		C95462142AF74D46004C4F6D /* TimeSelectCellView.swift */ = {isa = PBXFileReference; lastKnownFileType = sourcecode.swift; path = TimeSelectCellView.swift; sourceTree = "<group>"; };
		C95462162AF75A29004C4F6D /* TimeSelectModalView.swift */ = {isa = PBXFileReference; lastKnownFileType = sourcecode.swift; path = TimeSelectModalView.swift; sourceTree = "<group>"; };
		C95462182AF75A42004C4F6D /* TimeSelectModalViewController.swift */ = {isa = PBXFileReference; lastKnownFileType = sourcecode.swift; path = TimeSelectModalViewController.swift; sourceTree = "<group>"; };
		C954621D2AF77D9D004C4F6D /* NextButton.swift */ = {isa = PBXFileReference; lastKnownFileType = sourcecode.swift; path = NextButton.swift; sourceTree = "<group>"; };
		C954621F2AF77FF8004C4F6D /* DaySelectButton.swift */ = {isa = PBXFileReference; lastKnownFileType = sourcecode.swift; path = DaySelectButton.swift; sourceTree = "<group>"; };
		C95C07AD2AE0BB5A007E7589 /* FirebaseManager.swift */ = {isa = PBXFileReference; lastKnownFileType = sourcecode.swift; path = FirebaseManager.swift; sourceTree = "<group>"; };
		C97EAB512B0B507D00E21B72 /* LaunchScreenView.swift */ = {isa = PBXFileReference; lastKnownFileType = sourcecode.swift; path = LaunchScreenView.swift; sourceTree = "<group>"; };
		C97EAB552B0B550D00E21B72 /* LaunchScreenViewController.swift */ = {isa = PBXFileReference; lastKnownFileType = sourcecode.swift; path = LaunchScreenViewController.swift; sourceTree = "<group>"; };
		C9C7C1202ADE25590016DE13 /* String+Extension.swift */ = {isa = PBXFileReference; lastKnownFileType = sourcecode.swift; path = "String+Extension.swift"; sourceTree = "<group>"; };
		C9D04C642AF89953007E615B /* RightNavigationBarButton.swift */ = {isa = PBXFileReference; lastKnownFileType = sourcecode.swift; path = RightNavigationBarButton.swift; sourceTree = "<group>"; };
		C9D04C682AF9D312007E615B /* DayOfWeek.swift */ = {isa = PBXFileReference; lastKnownFileType = sourcecode.swift; path = DayOfWeek.swift; sourceTree = "<group>"; };
		C9D04C6A2AFB7864007E615B /* AddressSelectButtonView.swift */ = {isa = PBXFileReference; lastKnownFileType = sourcecode.swift; path = AddressSelectButtonView.swift; sourceTree = "<group>"; };
		C9D04C6D2AFB81B2007E615B /* StopoverPointSelectView.swift */ = {isa = PBXFileReference; lastKnownFileType = sourcecode.swift; path = StopoverPointSelectView.swift; sourceTree = "<group>"; };
		C9D04C702AFB81F9007E615B /* StopoverPointSelectViewController.swift */ = {isa = PBXFileReference; lastKnownFileType = sourcecode.swift; path = StopoverPointSelectViewController.swift; sourceTree = "<group>"; };
		C9D04C722AFC65BE007E615B /* StopoverPointAddButtonView.swift */ = {isa = PBXFileReference; lastKnownFileType = sourcecode.swift; path = StopoverPointAddButtonView.swift; sourceTree = "<group>"; };
		C9D04C742AFCD315007E615B /* SelectAddressButtonProtocol.swift */ = {isa = PBXFileReference; lastKnownFileType = sourcecode.swift; path = SelectAddressButtonProtocol.swift; sourceTree = "<group>"; };
		C9D04C7B2AFE5AAF007E615B /* SelectDetailStopoverPointView.swift */ = {isa = PBXFileReference; lastKnownFileType = sourcecode.swift; path = SelectDetailStopoverPointView.swift; sourceTree = "<group>"; };
		C9D04C7D2AFE5BFD007E615B /* SelectDetailStopoverPointViewController.swift */ = {isa = PBXFileReference; lastKnownFileType = sourcecode.swift; path = SelectDetailStopoverPointViewController.swift; sourceTree = "<group>"; };
		C9D8E4DB2AF4814E007570EE /* TimeSelectViewController.swift */ = {isa = PBXFileReference; lastKnownFileType = sourcecode.swift; path = TimeSelectViewController.swift; sourceTree = "<group>"; };
		C9D8E4DD2AF48172007570EE /* TimeSelectView.swift */ = {isa = PBXFileReference; lastKnownFileType = sourcecode.swift; path = TimeSelectView.swift; sourceTree = "<group>"; };
		C9D8E4DF2AF482B9007570EE /* RepeatDaySelectViewController.swift */ = {isa = PBXFileReference; lastKnownFileType = sourcecode.swift; path = RepeatDaySelectViewController.swift; sourceTree = "<group>"; };
		C9D8E4E12AF482D0007570EE /* RepeatDaySelectView.swift */ = {isa = PBXFileReference; lastKnownFileType = sourcecode.swift; path = RepeatDaySelectView.swift; sourceTree = "<group>"; };
		C9D8E4E32AF484B3007570EE /* FinalConfirmView.swift */ = {isa = PBXFileReference; lastKnownFileType = sourcecode.swift; path = FinalConfirmView.swift; sourceTree = "<group>"; };
		C9D8E4E52AF484F3007570EE /* FinalConfirmViewController.swift */ = {isa = PBXFileReference; lastKnownFileType = sourcecode.swift; path = FinalConfirmViewController.swift; sourceTree = "<group>"; };
		C9D8E4E72AF48650007570EE /* CodeShareViewController.swift */ = {isa = PBXFileReference; lastKnownFileType = sourcecode.swift; path = CodeShareViewController.swift; sourceTree = "<group>"; };
		C9D8E4E92AF486B6007570EE /* CodeShareView.swift */ = {isa = PBXFileReference; lastKnownFileType = sourcecode.swift; path = CodeShareView.swift; sourceTree = "<group>"; };
		C9F43BCA2AF2151500BAA0E3 /* PositionSelectViewController.swift */ = {isa = PBXFileReference; lastKnownFileType = sourcecode.swift; path = PositionSelectViewController.swift; sourceTree = "<group>"; };
		C9F43BCD2AF2155400BAA0E3 /* PositionSelectView.swift */ = {isa = PBXFileReference; lastKnownFileType = sourcecode.swift; path = PositionSelectView.swift; sourceTree = "<group>"; };
		C9F43BCF2AF2186A00BAA0E3 /* CrewMakeUtil.swift */ = {isa = PBXFileReference; lastKnownFileType = sourcecode.swift; path = CrewMakeUtil.swift; sourceTree = "<group>"; };
		C9F43BD12AF227B100BAA0E3 /* LargeSelectButton.swift */ = {isa = PBXFileReference; lastKnownFileType = sourcecode.swift; path = LargeSelectButton.swift; sourceTree = "<group>"; };
		C9F43BD82AF26FEE00BAA0E3 /* InviteCodeInputViewController.swift */ = {isa = PBXFileReference; lastKnownFileType = sourcecode.swift; path = InviteCodeInputViewController.swift; sourceTree = "<group>"; };
		C9F43BDA2AF2700400BAA0E3 /* InviteCodeInputView.swift */ = {isa = PBXFileReference; lastKnownFileType = sourcecode.swift; path = InviteCodeInputView.swift; sourceTree = "<group>"; };
		C9F43BDC2AF2C06C00BAA0E3 /* BoardingPointSelectViewController.swift */ = {isa = PBXFileReference; lastKnownFileType = sourcecode.swift; path = BoardingPointSelectViewController.swift; sourceTree = "<group>"; };
		C9F43BDE2AF2C09500BAA0E3 /* BoardingPointSelectView.swift */ = {isa = PBXFileReference; lastKnownFileType = sourcecode.swift; path = BoardingPointSelectView.swift; sourceTree = "<group>"; };
		C9F43BE02AF3430C00BAA0E3 /* StopoverSelectButton.swift */ = {isa = PBXFileReference; lastKnownFileType = sourcecode.swift; path = StopoverSelectButton.swift; sourceTree = "<group>"; };
/* End PBXFileReference section */

/* Begin PBXFrameworksBuildPhase section */
		BF37D9C62AB939A3005331AD /* Frameworks */ = {
			isa = PBXFrameworksBuildPhase;
			buildActionMask = 2147483647;
			files = (
				BF24481D2AD6D66200F4089A /* FirebaseDatabase in Frameworks */,
				BFE876B82AC809A300573B92 /* SnapKit in Frameworks */,
				161854A72ADFB76600961D2D /* FirebaseMessaging in Frameworks */,
				163FA65A2AE15F04005F2A77 /* FirebaseFunctions in Frameworks */,
				BF7DF9C62ACA6E21001178AF /* NMapsMap in Frameworks */,
				B8A20E3D2AC0B46E00F0CE91 /* FirebaseAnalytics in Frameworks */,
				B8A20E3F2AC0B46E00F0CE91 /* FirebaseAuth in Frameworks */,
			);
			runOnlyForDeploymentPostprocessing = 0;
		};
/* End PBXFrameworksBuildPhase section */

/* Begin PBXGroup section */
		163422322AFDFFE700196EB2 /* LabelComponent */ = {
			isa = PBXGroup;
			children = (
				BF0C33032AE51E7C00A6D8FE /* PaddingLabel.swift */,
				163422332AFDFFFE00196EB2 /* CarpoolPlanLabel.swift */,
			);
			path = LabelComponent;
			sourceTree = "<group>";
		};
		16DBA63D2AC1D07C00315ED7 /* SessionStart */ = {
			isa = PBXGroup;
			children = (
				BF4A12412ABED78400EC1B6D /* SessionStartViewController.swift */,
				163422352AFE636000196EB2 /* RuleDescriptionViewController.swift */,
				BFB18D852B02FB23006858C3 /* SessionFinishViewController.swift */,
			);
			path = SessionStart;
			sourceTree = "<group>";
		};
		16E42CDE2AC47E790031486E /* Models */ = {
			isa = PBXGroup;
			children = (
				C9D04C682AF9D312007E615B /* DayOfWeek.swift */,
				C92CFB362AC9B6CD0068273A /* Color */,
				C92CFB3E2ACC24E80068273A /* DTO */,
				C92CFB372ACBC9090068273A /* Font */,
				BF7F17362B0DAA3200A8F302 /* Network */,
				B8EECEA12ACD6598004D310C /* KeychainItem.swift */,
			);
			path = Models;
			sourceTree = "<group>";
		};
		B8293CD72B03AE42002472AE /* PointEdit */ = {
			isa = PBXGroup;
			children = (
				B87A22D52B0465BB00D8DC49 /* PointEditTableViewCell.swift */,
				B87A22D92B051E8000D8DC49 /* PointType.swift */,
				B8F1F2462B0615790056B733 /* TimeEditButton.swift */,
				B8F1F2482B06158F0056B733 /* AddressEditButton.swift */,
				B8F1F24A2B0616E10056B733 /* StopoverRemoveButton.swift */,
				B8F1F24C2B0619140056B733 /* StopoverAddButton.swift */,
			);
			path = PointEdit;
			sourceTree = "<group>";
		};
		B8376E362AF93649007F1E0A /* CrewInfo */ = {
			isa = PBXGroup;
			children = (
				B8376E3B2AF936DB007F1E0A /* CrewInfoNoCrewView.swift */,
				B8376E3D2AF936EB007F1E0A /* CrewInfoDriverView.swift */,
				B8376E3F2AF936F4007F1E0A /* CrewInfoPassengerView.swift */,
			);
			path = CrewInfo;
			sourceTree = "<group>";
		};
		B83E23ED2AF3F1980048ED9A /* Settings */ = {
			isa = PBXGroup;
			children = (
				B8D73ABE2AD2914200D211DE /* SettingsView.swift */,
				B8D73AC02AD29D6E00D211DE /* PrivacyView.swift */,
				B8D73AC22AD2FBE600D211DE /* InquiryView.swift */,
				B84B41862B000F0D007AC36F /* QuestionDetailView.swift */,
			);
			path = Settings;
			sourceTree = "<group>";
		};
		B83E23EE2AF3F2470048ED9A /* Settings */ = {
			isa = PBXGroup;
			children = (
				B8A3EFDA2AC5F5B400433F5C /* SettingsViewController.swift */,
				B8EECE992AC96B5F004D310C /* InquiryViewController.swift */,
				B8EECE9B2AC96BE5004D310C /* PrivacyViewController.swift */,
				B84B41842B000EFC007AC36F /* QuestionDetailViewController.swift */,
			);
			path = Settings;
			sourceTree = "<group>";
		};
		B8726B1F2AFDB9FF0084B49C /* CrewEdit */ = {
			isa = PBXGroup;
			children = (
				B8293CD72B03AE42002472AE /* PointEdit */,
				B8726B1D2AFDB9990084B49C /* CrewInfoCheckView.swift */,
				B84006AF2B00B2690009DCD2 /* CrewEditView.swift */,
				B8293CC52B028404002472AE /* RepeatDaySelectModalView.swift */,
				B8293CCA2B0392FC002472AE /* DayButtonCollectionViewCell.swift */,
			);
			path = CrewEdit;
			sourceTree = "<group>";
		};
		B8726B202AFDBA140084B49C /* CrewEdit */ = {
			isa = PBXGroup;
			children = (
				B8726B212AFDBA240084B49C /* CrewInfoCheckViewController.swift */,
				B84006AD2B00B2570009DCD2 /* CrewEditViewController.swift */,
				B8293CC72B028863002472AE /* RepeatDaySelectModalViewController.swift */,
			);
			path = CrewEdit;
			sourceTree = "<group>";
		};
		B8A3EFD72AC5F27000433F5C /* MyPage */ = {
			isa = PBXGroup;
			children = (
				B8726B202AFDBA140084B49C /* CrewEdit */,
				B83E23EE2AF3F2470048ED9A /* Settings */,
				B8A3EFD82AC5F28100433F5C /* MyPageViewController.swift */,
				B83E23E92AF34E550048ED9A /* ProfileChangeViewController.swift */,
				B8376E472AF9BBB1007F1E0A /* NameEditViewController.swift */,
			);
			path = MyPage;
			sourceTree = "<group>";
		};
		B8D73ABB2AD2899200D211DE /* MyPage */ = {
			isa = PBXGroup;
			children = (
				B8726B1F2AFDB9FF0084B49C /* CrewEdit */,
				B8376E362AF93649007F1E0A /* CrewInfo */,
				B83E23ED2AF3F1980048ED9A /* Settings */,
				BF9BCFFC2ACE458D009DAECD /* MyPageView.swift */,
				B83E23E72AF34E460048ED9A /* ProfileChangeView.swift */,
				B83E23EF2AF3F3600048ED9A /* ProfileImageColorCollectionViewCell.swift */,
				B8376E492AF9BC51007F1E0A /* NameEditView.swift */,
			);
			path = MyPage;
			sourceTree = "<group>";
		};
		BF0C33052AE5217100A6D8FE /* Map */ = {
			isa = PBXGroup;
			children = (
				BFD765852AF7E16F0074277B /* MapView.swift */,
				BF0C33012AE50AFB00A6D8FE /* MapDetailView.swift */,
				BFFA10B32AE62FAF003CE661 /* NoticeLateView.swift */,
				BF801B902AFF36FD005DE2AF /* CrewScrollView.swift */,
			);
			path = Map;
			sourceTree = "<group>";
		};
		BF24481B2AD6D66200F4089A /* Frameworks */ = {
			isa = PBXGroup;
			children = (
			);
			name = Frameworks;
			sourceTree = "<group>";
		};
		BF37D9C02AB939A3005331AD = {
			isa = PBXGroup;
			children = (
				BF0AEF9B2ACD7F7600FBB7B8 /* .swiftlint.yml */,
				BF37D9CB2AB939A3005331AD /* Carmu */,
				BF37D9CA2AB939A3005331AD /* Products */,
				BF24481B2AD6D66200F4089A /* Frameworks */,
			);
			sourceTree = "<group>";
		};
		BF37D9CA2AB939A3005331AD /* Products */ = {
			isa = PBXGroup;
			children = (
				BF37D9C92AB939A3005331AD /* Carmu.app */,
			);
			name = Products;
			sourceTree = "<group>";
		};
		BF37D9CB2AB939A3005331AD /* Carmu */ = {
			isa = PBXGroup;
			children = (
				B8A20E402AC0B9F400F0CE91 /* Carmu.entitlements */,
				BF52B7F62AE26476001FAD97 /* Sources */,
				C92CFB2B2AC9398B0068273A /* Resources */,
				BF37D9D52AB939A4005331AD /* Assets.xcassets */,
				BF37D9D72AB939A4005331AD /* LaunchScreen.storyboard */,
				BF37D9DA2AB939A4005331AD /* Info.plist */,
				B8EC761D2ADFEB6300F83E8F /* Secrets.xcconfig */,
				B8EC761F2ADFEBA200F83E8F /* GoogleService-Info.plist */,
				B8EA079F2AE188CB007501E9 /* SecureKey-Info.plist */,
			);
			path = Carmu;
			sourceTree = "<group>";
		};
		BF4A12452ABED8B500EC1B6D /* Extensions */ = {
			isa = PBXGroup;
			children = (
				BF4A12462ABED8E900EC1B6D /* UIColor+Extension.swift */,
				BF7DF9C22ACA6D49001178AF /* Bundle+Extension.swift */,
				C92CFB292AC92E420068273A /* UIFont+Extension.swift */,
				C92CFB3A2ACBF6C40068273A /* UIImage+Extension.swift */,
				1695CAE32AD4E62500858071 /* Date+Extension.swift */,
				C9C7C1202ADE25590016DE13 /* String+Extension.swift */,
				BF59EFD32B070F5500E6ECF8 /* UIStackView+Extension.swift */,
				16953BEC2B0EF57900D65A1F /* UIButton+Extension.swift */,
			);
			path = Extensions;
			sourceTree = "<group>";
		};
		BF52B7F62AE26476001FAD97 /* Sources */ = {
			isa = PBXGroup;
			children = (
				BF37D9CC2AB939A3005331AD /* AppDelegate.swift */,
				BF37D9CE2AB939A3005331AD /* SceneDelegate.swift */,
				BF5F3C4E2ABD779A004AFC73 /* Controllers */,
				BF4A12452ABED8B500EC1B6D /* Extensions */,
				16E42CDE2AC47E790031486E /* Models */,
				C95C07AC2AE0BB3E007E7589 /* Utils */,
				BF9BCFE62ACDCBEE009DAECD /* Views */,
			);
			path = Sources;
			sourceTree = "<group>";
		};
		BF5F3C4E2ABD779A004AFC73 /* Controllers */ = {
			isa = PBXGroup;
			children = (
				B8A20E412AC0BC8900F0CE91 /* LoginViewController.swift */,
				C97EAB532B0B50B900E21B72 /* Loading */,
				C9F43BC72AF214CB00BAA0E3 /* CrewMake */,
				16DBA63D2AC1D07C00315ED7 /* SessionStart */,
				BFFA10B02AE60FFA003CE661 /* Map */,
				B8A3EFD72AC5F27000433F5C /* MyPage */,
			);
			path = Controllers;
			sourceTree = "<group>";
		};
		BF7F17362B0DAA3200A8F302 /* Network */ = {
			isa = PBXGroup;
			children = (
				BF6CEA402B0AE6DD00584D1B /* Coordinate.swift */,
				C904D1602AD57AE8008BF5CE /* Crew.swift */,
				1638B91E2B02FBB300C53D0D /* MemberStatus.swift */,
				164E823C2AF53AB400848BFF /* Point.swift */,
				B83E23EB2AF3DBBC0048ED9A /* ProfileImageColor.swift */,
				C904D1552AD5786A008BF5CE /* User.swift */,
			);
			path = Network;
			sourceTree = "<group>";
		};
		BF9BCFE62ACDCBEE009DAECD /* Views */ = {
			isa = PBXGroup;
			children = (
				BF9BCFE72ACDCBFF009DAECD /* LoginView.swift */,
				C97EAB542B0B52A500E21B72 /* Loading */,
				C9F43BCC2AF2153100BAA0E3 /* CrewMake */,
				BF9BCFFE2ACE4888009DAECD /* SessionStart */,
				BF0C33052AE5217100A6D8FE /* Map */,
				B8D73ABB2AD2899200D211DE /* MyPage */,
			);
			path = Views;
			sourceTree = "<group>";
		};
		BF9BCFFE2ACE4888009DAECD /* SessionStart */ = {
			isa = PBXGroup;
			children = (
				BF9BCFFF2ACE4893009DAECD /* SessionStartView.swift */,
				1667F61C2AFC622400393111 /* CrewCollectionViewCell.swift */,
				16AC35162AF3B7280069FAB1 /* SessionStartPassengerView.swift */,
				16A84F772AD7E0F600C28F5F /* SessionStartDriverView.swift */,
				16114ADD2AFB1D9C003325B6 /* SessionStartBackView.swift */,
				165055AC2AFF54C50049EF73 /* StopoverInfoLeftView.swift */,
				165055AE2AFF603D0049EF73 /* StopoverInfoRightView.swift */,
				161854AC2AE005F200961D2D /* SessionStartNoCrewView.swift */,
				163422372AFE67A400196EB2 /* RuleDescriptionView.swift */,
			);
			path = SessionStart;
			sourceTree = "<group>";
		};
		BFFA10B02AE60FFA003CE661 /* Map */ = {
			isa = PBXGroup;
			children = (
				16E42C472AC411A20031486E /* MapViewController.swift */,
				BFFA10B12AE61012003CE661 /* NoticeLateViewController.swift */,
			);
			path = Map;
			sourceTree = "<group>";
		};
		C92CFB2B2AC9398B0068273A /* Resources */ = {
			isa = PBXGroup;
			children = (
				161128E02B0C384200176657 /* launchGif.gif */,
				C92CFB302AC93C470068273A /* SF-Pro.ttf */,
			);
			path = Resources;
			sourceTree = "<group>";
		};
		C92CFB362AC9B6CD0068273A /* Color */ = {
			isa = PBXGroup;
			children = (
				C92CFB322AC9B6760068273A /* ColorTheme.swift */,
				C92CFB342AC9B6830068273A /* SemanticColor.swift */,
			);
			path = Color;
			sourceTree = "<group>";
		};
		C92CFB372ACBC9090068273A /* Font */ = {
			isa = PBXGroup;
			children = (
				C92CFB382ACBC9180068273A /* CarmuFont.swift */,
			);
			path = Font;
			sourceTree = "<group>";
		};
		C92CFB3E2ACC24E80068273A /* DTO */ = {
			isa = PBXGroup;
			children = (
				C93116792AF3B69F0014E702 /* SelectAddressDTO.swift */,
				C931167B2AF3B7070014E702 /* AddressDTO.swift */,
			);
			path = DTO;
			sourceTree = "<group>";
		};
		C93116692AF3AB150014E702 /* Crew */ = {
			isa = PBXGroup;
			children = (
				C9F43BD82AF26FEE00BAA0E3 /* InviteCodeInputViewController.swift */,
				C9F43BDC2AF2C06C00BAA0E3 /* BoardingPointSelectViewController.swift */,
			);
			path = Crew;
			sourceTree = "<group>";
		};
		C931166A2AF3AB250014E702 /* Driver */ = {
			isa = PBXGroup;
			children = (
				C90B6BD02B09D59800F51543 /* CrewNameSettingViewController.swift */,
				C95462122AF74BFC004C4F6D /* StartEndPointSelect */,
				C93116652AF382260014E702 /* StopoverPointCheckViewController.swift */,
				C9D04C6F2AFB81E1007E615B /* StopoverPointSelect */,
				C95462132AF74C0B004C4F6D /* TimeSelect */,
				C95462212AF7B2B0004C4F6D /* RepeatDaySelect */,
				C9D8E4E52AF484F3007570EE /* FinalConfirmViewController.swift */,
				C9D8E4E72AF48650007570EE /* CodeShareViewController.swift */,
			);
			path = Driver;
			sourceTree = "<group>";
		};
		C931166B2AF3AB390014E702 /* Crew */ = {
			isa = PBXGroup;
			children = (
				C9F43BDA2AF2700400BAA0E3 /* InviteCodeInputView.swift */,
				C9F43BDE2AF2C09500BAA0E3 /* BoardingPointSelectView.swift */,
			);
			path = Crew;
			sourceTree = "<group>";
		};
		C931166C2AF3AB3F0014E702 /* Driver */ = {
			isa = PBXGroup;
			children = (
				C90B6BD22B09D5B700F51543 /* CrewNameSettingView.swift */,
				C95462112AF74BEA004C4F6D /* StartEndPointSelect */,
				C93116672AF3822D0014E702 /* StopoverPointCheckView.swift */,
				C9D04C6C2AFB8190007E615B /* StopoverPointSelect */,
				C95462102AF74BD4004C4F6D /* TimeSelect */,
				C95462242AF7B300004C4F6D /* RepeatDaySelect */,
				C9D8E4E32AF484B3007570EE /* FinalConfirmView.swift */,
				C9D8E4E92AF486B6007570EE /* CodeShareView.swift */,
				C93116812AF3DE890014E702 /* Cell */,
			);
			path = Driver;
			sourceTree = "<group>";
		};
		C93116812AF3DE890014E702 /* Cell */ = {
			isa = PBXGroup;
			children = (
				C93116752AF3B5F00014E702 /* SelectAddressTableViewCell.swift */,
				C93116772AF3B6310014E702 /* DefaultAddressTableViewCell.swift */,
			);
			path = Cell;
			sourceTree = "<group>";
		};
		C95462102AF74BD4004C4F6D /* TimeSelect */ = {
			isa = PBXGroup;
			children = (
				C9D8E4DD2AF48172007570EE /* TimeSelectView.swift */,
				C95462142AF74D46004C4F6D /* TimeSelectCellView.swift */,
				C95462162AF75A29004C4F6D /* TimeSelectModalView.swift */,
			);
			path = TimeSelect;
			sourceTree = "<group>";
		};
		C95462112AF74BEA004C4F6D /* StartEndPointSelect */ = {
			isa = PBXGroup;
			children = (
				C931166F2AF3ABB20014E702 /* StartEndPointSelectView.swift */,
				C93116732AF3B5320014E702 /* SelectAddressView.swift */,
				C931167F2AF3B7E30014E702 /* SelectDetailPointMapView.swift */,
			);
			path = StartEndPointSelect;
			sourceTree = "<group>";
		};
		C95462122AF74BFC004C4F6D /* StartEndPointSelect */ = {
			isa = PBXGroup;
			children = (
				C931166D2AF3AB980014E702 /* StartEndPointSelectViewController.swift */,
				C93116712AF3B5190014E702 /* SelectAddressViewController.swift */,
				C931167D2AF3B7760014E702 /* SelectDetailPointMapViewController.swift */,
			);
			path = StartEndPointSelect;
			sourceTree = "<group>";
		};
		C95462132AF74C0B004C4F6D /* TimeSelect */ = {
			isa = PBXGroup;
			children = (
				C9D8E4DB2AF4814E007570EE /* TimeSelectViewController.swift */,
				C95462182AF75A42004C4F6D /* TimeSelectModalViewController.swift */,
			);
			path = TimeSelect;
			sourceTree = "<group>";
		};
		C954621C2AF77D52004C4F6D /* ButtonComponent */ = {
			isa = PBXGroup;
			children = (
				C9F43BD12AF227B100BAA0E3 /* LargeSelectButton.swift */,
				C9D04C6A2AFB7864007E615B /* AddressSelectButtonView.swift */,
				C9D04C722AFC65BE007E615B /* StopoverPointAddButtonView.swift */,
				C9D04C742AFCD315007E615B /* SelectAddressButtonProtocol.swift */,
				C9F43BE02AF3430C00BAA0E3 /* StopoverSelectButton.swift */,
				C954621D2AF77D9D004C4F6D /* NextButton.swift */,
				C954621F2AF77FF8004C4F6D /* DaySelectButton.swift */,
				C9D04C642AF89953007E615B /* RightNavigationBarButton.swift */,
			);
			path = ButtonComponent;
			sourceTree = "<group>";
		};
		C95462212AF7B2B0004C4F6D /* RepeatDaySelect */ = {
			isa = PBXGroup;
			children = (
				C9D8E4DF2AF482B9007570EE /* RepeatDaySelectViewController.swift */,
			);
			path = RepeatDaySelect;
			sourceTree = "<group>";
		};
		C95462242AF7B300004C4F6D /* RepeatDaySelect */ = {
			isa = PBXGroup;
			children = (
				C9D8E4E12AF482D0007570EE /* RepeatDaySelectView.swift */,
			);
			path = RepeatDaySelect;
			sourceTree = "<group>";
		};
		C95C07AC2AE0BB3E007E7589 /* Utils */ = {
			isa = PBXGroup;
			children = (
				163422322AFDFFE700196EB2 /* LabelComponent */,
				B8DD15ED2AD6EE9400685E48 /* CustomVisualEffectView.swift */,
				C95C07AD2AE0BB5A007E7589 /* FirebaseManager.swift */,
				C9F43BCF2AF2186A00BAA0E3 /* CrewMakeUtil.swift */,
				C90B6BD62B0B36B800F51543 /* GifView.swift */,
				C954621C2AF77D52004C4F6D /* ButtonComponent */,
				161128DA2B0B2B3400176657 /* ServerPushManager.swift */,
			);
			path = Utils;
			sourceTree = "<group>";
		};
		C97EAB532B0B50B900E21B72 /* Loading */ = {
			isa = PBXGroup;
			children = (
				C908AE422B03923600C5A743 /* LoadingViewController.swift */,
				C97EAB552B0B550D00E21B72 /* LaunchScreenViewController.swift */,
			);
			path = Loading;
			sourceTree = "<group>";
		};
		C97EAB542B0B52A500E21B72 /* Loading */ = {
			isa = PBXGroup;
			children = (
				C908AE402B03920500C5A743 /* LoadingView.swift */,
				C97EAB512B0B507D00E21B72 /* LaunchScreenView.swift */,
			);
			path = Loading;
			sourceTree = "<group>";
		};
		C9D04C6C2AFB8190007E615B /* StopoverPointSelect */ = {
			isa = PBXGroup;
			children = (
				C9D04C6D2AFB81B2007E615B /* StopoverPointSelectView.swift */,
				C9D04C7B2AFE5AAF007E615B /* SelectDetailStopoverPointView.swift */,
			);
			path = StopoverPointSelect;
			sourceTree = "<group>";
		};
		C9D04C6F2AFB81E1007E615B /* StopoverPointSelect */ = {
			isa = PBXGroup;
			children = (
				C9D04C702AFB81F9007E615B /* StopoverPointSelectViewController.swift */,
				C9D04C7D2AFE5BFD007E615B /* SelectDetailStopoverPointViewController.swift */,
			);
			path = StopoverPointSelect;
			sourceTree = "<group>";
		};
		C9F43BC72AF214CB00BAA0E3 /* CrewMake */ = {
			isa = PBXGroup;
			children = (
				C9F43BCA2AF2151500BAA0E3 /* PositionSelectViewController.swift */,
				C93116692AF3AB150014E702 /* Crew */,
				C931166A2AF3AB250014E702 /* Driver */,
			);
			path = CrewMake;
			sourceTree = "<group>";
		};
		C9F43BCC2AF2153100BAA0E3 /* CrewMake */ = {
			isa = PBXGroup;
			children = (
				C9F43BCD2AF2155400BAA0E3 /* PositionSelectView.swift */,
				C931166B2AF3AB390014E702 /* Crew */,
				C931166C2AF3AB3F0014E702 /* Driver */,
			);
			path = CrewMake;
			sourceTree = "<group>";
		};
/* End PBXGroup section */

/* Begin PBXNativeTarget section */
		BF37D9C82AB939A3005331AD /* Carmu */ = {
			isa = PBXNativeTarget;
			buildConfigurationList = BF37D9DD2AB939A4005331AD /* Build configuration list for PBXNativeTarget "Carmu" */;
			buildPhases = (
				BF37D9E02AB93A28005331AD /* SwiftLint */,
				BF37D9C52AB939A3005331AD /* Sources */,
				BF37D9C62AB939A3005331AD /* Frameworks */,
				BF37D9C72AB939A3005331AD /* Resources */,
			);
			buildRules = (
			);
			dependencies = (
			);
			name = Carmu;
			packageProductDependencies = (
				B8A20E3C2AC0B46E00F0CE91 /* FirebaseAnalytics */,
				B8A20E3E2AC0B46E00F0CE91 /* FirebaseAuth */,
				BFE876B72AC809A300573B92 /* SnapKit */,
				BF7DF9C52ACA6E21001178AF /* NMapsMap */,
				BF24481C2AD6D66200F4089A /* FirebaseDatabase */,
				161854A62ADFB76600961D2D /* FirebaseMessaging */,
				163FA6592AE15F04005F2A77 /* FirebaseFunctions */,
			);
			productName = Carmunication;
			productReference = BF37D9C92AB939A3005331AD /* Carmu.app */;
			productType = "com.apple.product-type.application";
		};
/* End PBXNativeTarget section */

/* Begin PBXProject section */
		BF37D9C12AB939A3005331AD /* Project object */ = {
			isa = PBXProject;
			attributes = {
				BuildIndependentTargetsInParallel = 1;
				LastSwiftUpdateCheck = 1420;
				LastUpgradeCheck = 1500;
				TargetAttributes = {
					BF37D9C82AB939A3005331AD = {
						CreatedOnToolsVersion = 14.2;
					};
				};
			};
			buildConfigurationList = BF37D9C42AB939A3005331AD /* Build configuration list for PBXProject "Carmu" */;
			compatibilityVersion = "Xcode 14.0";
			developmentRegion = en;
			hasScannedForEncodings = 0;
			knownRegions = (
				en,
				Base,
			);
			mainGroup = BF37D9C02AB939A3005331AD;
			packageReferences = (
				B8A20E3B2AC0B46E00F0CE91 /* XCRemoteSwiftPackageReference "firebase-ios-sdk" */,
				BFE876B62AC809A300573B92 /* XCRemoteSwiftPackageReference "SnapKit" */,
				BF7DF9C42ACA6E21001178AF /* XCRemoteSwiftPackageReference "NMapsMap" */,
			);
			productRefGroup = BF37D9CA2AB939A3005331AD /* Products */;
			projectDirPath = "";
			projectRoot = "";
			targets = (
				BF37D9C82AB939A3005331AD /* Carmu */,
			);
		};
/* End PBXProject section */

/* Begin PBXResourcesBuildPhase section */
		BF37D9C72AB939A3005331AD /* Resources */ = {
			isa = PBXResourcesBuildPhase;
			buildActionMask = 2147483647;
			files = (
				B8EC761E2ADFEB6300F83E8F /* Secrets.xcconfig in Resources */,
				BF0AEF9C2ACD7F7600FBB7B8 /* .swiftlint.yml in Resources */,
				BF37D9D92AB939A4005331AD /* LaunchScreen.storyboard in Resources */,
				B8EA07A02AE188CB007501E9 /* SecureKey-Info.plist in Resources */,
				C92CFB312AC93C470068273A /* SF-Pro.ttf in Resources */,
				BF37D9D62AB939A4005331AD /* Assets.xcassets in Resources */,
				B8EC76202ADFEBA200F83E8F /* GoogleService-Info.plist in Resources */,
				161128E12B0C384200176657 /* launchGif.gif in Resources */,
			);
			runOnlyForDeploymentPostprocessing = 0;
		};
/* End PBXResourcesBuildPhase section */

/* Begin PBXShellScriptBuildPhase section */
		BF37D9E02AB93A28005331AD /* SwiftLint */ = {
			isa = PBXShellScriptBuildPhase;
			alwaysOutOfDate = 1;
			buildActionMask = 2147483647;
			files = (
			);
			inputFileListPaths = (
			);
			inputPaths = (
			);
			name = SwiftLint;
			outputFileListPaths = (
			);
			outputPaths = (
			);
			runOnlyForDeploymentPostprocessing = 0;
			shellPath = /bin/sh;
			shellScript = "export PATH=\"$PATH:/opt/homebrew/bin\"\nif which swiftlint > /dev/null; then\n  swiftlint\nelse\n  echo \"warning: SwiftLint not installed, download from https://github.com/realm/SwiftLint\"\nfi\n";
		};
/* End PBXShellScriptBuildPhase section */

/* Begin PBXSourcesBuildPhase section */
		BF37D9C52AB939A3005331AD /* Sources */ = {
			isa = PBXSourcesBuildPhase;
			buildActionMask = 2147483647;
			files = (
				BF0C33042AE51E7C00A6D8FE /* PaddingLabel.swift in Sources */,
				BFFA10B22AE61012003CE661 /* NoticeLateViewController.swift in Sources */,
				C93116662AF382260014E702 /* StopoverPointCheckViewController.swift in Sources */,
				C9D8E4E02AF482B9007570EE /* RepeatDaySelectViewController.swift in Sources */,
				B84B41872B000F0D007AC36F /* QuestionDetailView.swift in Sources */,
				C9D04C6E2AFB81B2007E615B /* StopoverPointSelectView.swift in Sources */,
				B8EECEA22ACD6598004D310C /* KeychainItem.swift in Sources */,
				B8293CC82B028863002472AE /* RepeatDaySelectModalViewController.swift in Sources */,
				C95462202AF77FF8004C4F6D /* DaySelectButton.swift in Sources */,
				C9F43BCE2AF2155400BAA0E3 /* PositionSelectView.swift in Sources */,
				161854AD2AE005F200961D2D /* SessionStartNoCrewView.swift in Sources */,
				B84006B02B00B2690009DCD2 /* CrewEditView.swift in Sources */,
				C9D8E4E82AF48650007570EE /* CodeShareViewController.swift in Sources */,
				C931167A2AF3B69F0014E702 /* SelectAddressDTO.swift in Sources */,
				C90B6BD72B0B36B800F51543 /* GifView.swift in Sources */,
				C9D8E4E62AF484F3007570EE /* FinalConfirmViewController.swift in Sources */,
				B8D73AC12AD29D6E00D211DE /* PrivacyView.swift in Sources */,
				B8D73ABF2AD2914200D211DE /* SettingsView.swift in Sources */,
				C9F43BD22AF227B100BAA0E3 /* LargeSelectButton.swift in Sources */,
				C9D04C752AFCD315007E615B /* SelectAddressButtonProtocol.swift in Sources */,
				C9D04C712AFB81F9007E615B /* StopoverPointSelectViewController.swift in Sources */,
				C93116722AF3B5190014E702 /* SelectAddressViewController.swift in Sources */,
				B8D73AC32AD2FBE600D211DE /* InquiryView.swift in Sources */,
				C93116762AF3B5F00014E702 /* SelectAddressTableViewCell.swift in Sources */,
				B8EECE9A2AC96B5F004D310C /* InquiryViewController.swift in Sources */,
				C9F43BDB2AF2700400BAA0E3 /* InviteCodeInputView.swift in Sources */,
				C9F43BDD2AF2C06C00BAA0E3 /* BoardingPointSelectViewController.swift in Sources */,
				B8376E3C2AF936DB007F1E0A /* CrewInfoNoCrewView.swift in Sources */,
				B8726B1E2AFDB9990084B49C /* CrewInfoCheckView.swift in Sources */,
				B87A22D62B0465BB00D8DC49 /* PointEditTableViewCell.swift in Sources */,
				C9D04C6B2AFB7864007E615B /* AddressSelectButtonView.swift in Sources */,
				C9D04C732AFC65BE007E615B /* StopoverPointAddButtonView.swift in Sources */,
				B83E23F02AF3F3600048ED9A /* ProfileImageColorCollectionViewCell.swift in Sources */,
				C97EAB522B0B507D00E21B72 /* LaunchScreenView.swift in Sources */,
				165055AD2AFF54C50049EF73 /* StopoverInfoLeftView.swift in Sources */,
				163422382AFE67A400196EB2 /* RuleDescriptionView.swift in Sources */,
				BF9BCFFD2ACE458D009DAECD /* MyPageView.swift in Sources */,
				C9F43BD02AF2186A00BAA0E3 /* CrewMakeUtil.swift in Sources */,
				BF0C33022AE50AFB00A6D8FE /* MapDetailView.swift in Sources */,
				B8F1F24B2B0616E10056B733 /* StopoverRemoveButton.swift in Sources */,
				C9D8E4DE2AF48172007570EE /* TimeSelectView.swift in Sources */,
				C92CFB3B2ACBF6C40068273A /* UIImage+Extension.swift in Sources */,
				C908AE412B03920500C5A743 /* LoadingView.swift in Sources */,
				C9D8E4EA2AF486B6007570EE /* CodeShareView.swift in Sources */,
				B8F1F2492B06158F0056B733 /* AddressEditButton.swift in Sources */,
				B8DD15EE2AD6EE9400685E48 /* CustomVisualEffectView.swift in Sources */,
				16E42C482AC411A20031486E /* MapViewController.swift in Sources */,
				1695CAE42AD4E62500858071 /* Date+Extension.swift in Sources */,
				BF801B912AFF36FD005DE2AF /* CrewScrollView.swift in Sources */,
				C9D8E4DC2AF4814E007570EE /* TimeSelectViewController.swift in Sources */,
				C931167E2AF3B7760014E702 /* SelectDetailPointMapViewController.swift in Sources */,
				C931167C2AF3B7070014E702 /* AddressDTO.swift in Sources */,
				B8293CC62B028404002472AE /* RepeatDaySelectModalView.swift in Sources */,
				B83E23E82AF34E460048ED9A /* ProfileChangeView.swift in Sources */,
				BF4A12422ABED78400EC1B6D /* SessionStartViewController.swift in Sources */,
				BFB18D862B02FB23006858C3 /* SessionFinishViewController.swift in Sources */,
				C9F43BD92AF26FEE00BAA0E3 /* InviteCodeInputViewController.swift in Sources */,
				BFD765862AF7E16F0074277B /* MapView.swift in Sources */,
				C93116702AF3ABB20014E702 /* StartEndPointSelectView.swift in Sources */,
				C954621E2AF77D9D004C4F6D /* NextButton.swift in Sources */,
				B8293CCB2B0392FC002472AE /* DayButtonCollectionViewCell.swift in Sources */,
				161128DB2B0B2B3400176657 /* ServerPushManager.swift in Sources */,
				C9D04C7C2AFE5AAF007E615B /* SelectDetailStopoverPointView.swift in Sources */,
				B83E23EA2AF34E550048ED9A /* ProfileChangeViewController.swift in Sources */,
				C9F43BDF2AF2C09500BAA0E3 /* BoardingPointSelectView.swift in Sources */,
				C9D8E4E42AF484B3007570EE /* FinalConfirmView.swift in Sources */,
				BF37D9CD2AB939A3005331AD /* AppDelegate.swift in Sources */,
				C93116782AF3B6310014E702 /* DefaultAddressTableViewCell.swift in Sources */,
				164E823D2AF53AB400848BFF /* Point.swift in Sources */,
				B84006AE2B00B2570009DCD2 /* CrewEditViewController.swift in Sources */,
				B8F1F2472B0615790056B733 /* TimeEditButton.swift in Sources */,
				C90B6BD12B09D59800F51543 /* CrewNameSettingViewController.swift in Sources */,
				C9D04C692AF9D312007E615B /* DayOfWeek.swift in Sources */,
				C92CFB332AC9B6760068273A /* ColorTheme.swift in Sources */,
				C97EAB562B0B550D00E21B72 /* LaunchScreenViewController.swift in Sources */,
				C9F43BE12AF3430C00BAA0E3 /* StopoverSelectButton.swift in Sources */,
				C9C7C1212ADE25590016DE13 /* String+Extension.swift in Sources */,
				163422362AFE636000196EB2 /* RuleDescriptionViewController.swift in Sources */,
				C93116742AF3B5320014E702 /* SelectAddressView.swift in Sources */,
				B8F1F24D2B0619140056B733 /* StopoverAddButton.swift in Sources */,
				C93116802AF3B7E30014E702 /* SelectDetailPointMapView.swift in Sources */,
				C95C07AE2AE0BB5A007E7589 /* FirebaseManager.swift in Sources */,
				1667F61D2AFC622400393111 /* CrewCollectionViewCell.swift in Sources */,
				B87A22DA2B051E8000D8DC49 /* PointType.swift in Sources */,
				B8376E3E2AF936EB007F1E0A /* CrewInfoDriverView.swift in Sources */,
				C95462152AF74D46004C4F6D /* TimeSelectCellView.swift in Sources */,
				16AC35172AF3B7280069FAB1 /* SessionStartPassengerView.swift in Sources */,
				B8A20E422AC0BC8900F0CE91 /* LoginViewController.swift in Sources */,
				BF59EFD42B070F5500E6ECF8 /* UIStackView+Extension.swift in Sources */,
				165055AF2AFF603D0049EF73 /* StopoverInfoRightView.swift in Sources */,
				C9F43BCB2AF2151500BAA0E3 /* PositionSelectViewController.swift in Sources */,
				B83E23EC2AF3DBBC0048ED9A /* ProfileImageColor.swift in Sources */,
				B8A3EFD92AC5F28100433F5C /* MyPageViewController.swift in Sources */,
				BFFA10B42AE62FAF003CE661 /* NoticeLateView.swift in Sources */,
				BF7DF9C32ACA6D49001178AF /* Bundle+Extension.swift in Sources */,
				B8726B222AFDBA240084B49C /* CrewInfoCheckViewController.swift in Sources */,
				BF37D9CF2AB939A3005331AD /* SceneDelegate.swift in Sources */,
				C92CFB352AC9B6830068273A /* SemanticColor.swift in Sources */,
				C90B6BD32B09D5B700F51543 /* CrewNameSettingView.swift in Sources */,
				B8376E402AF936F4007F1E0A /* CrewInfoPassengerView.swift in Sources */,
				C9D04C652AF89953007E615B /* RightNavigationBarButton.swift in Sources */,
				BF9BD0002ACE4893009DAECD /* SessionStartView.swift in Sources */,
				16953BED2B0EF57900D65A1F /* UIButton+Extension.swift in Sources */,
				16A84F782AD7E0F600C28F5F /* SessionStartDriverView.swift in Sources */,
				C931166E2AF3AB980014E702 /* StartEndPointSelectViewController.swift in Sources */,
				C9D04C7E2AFE5BFD007E615B /* SelectDetailStopoverPointViewController.swift in Sources */,
				C9D8E4E22AF482D0007570EE /* RepeatDaySelectView.swift in Sources */,
				B8A3EFDB2AC5F5B400433F5C /* SettingsViewController.swift in Sources */,
				C904D1612AD57AE8008BF5CE /* Crew.swift in Sources */,
				C92CFB392ACBC9180068273A /* CarmuFont.swift in Sources */,
				BF9BCFE82ACDCBFF009DAECD /* LoginView.swift in Sources */,
				16114ADE2AFB1D9C003325B6 /* SessionStartBackView.swift in Sources */,
				C95462172AF75A29004C4F6D /* TimeSelectModalView.swift in Sources */,
				C904D1562AD5786A008BF5CE /* User.swift in Sources */,
				B8EECE9C2AC96BE5004D310C /* PrivacyViewController.swift in Sources */,
				163422342AFDFFFE00196EB2 /* CarpoolPlanLabel.swift in Sources */,
				C92CFB2A2AC92E420068273A /* UIFont+Extension.swift in Sources */,
				C93116682AF3822D0014E702 /* StopoverPointCheckView.swift in Sources */,
				C95462192AF75A42004C4F6D /* TimeSelectModalViewController.swift in Sources */,
				B8376E4A2AF9BC51007F1E0A /* NameEditView.swift in Sources */,
				BF4A12472ABED8E900EC1B6D /* UIColor+Extension.swift in Sources */,
				1638B91F2B02FBB300C53D0D /* MemberStatus.swift in Sources */,
				BF6CEA412B0AE6DD00584D1B /* Coordinate.swift in Sources */,
				B84B41852B000EFC007AC36F /* QuestionDetailViewController.swift in Sources */,
				C908AE432B03923600C5A743 /* LoadingViewController.swift in Sources */,
				B8376E482AF9BBB1007F1E0A /* NameEditViewController.swift in Sources */,
			);
			runOnlyForDeploymentPostprocessing = 0;
		};
/* End PBXSourcesBuildPhase section */

/* Begin PBXVariantGroup section */
		BF37D9D72AB939A4005331AD /* LaunchScreen.storyboard */ = {
			isa = PBXVariantGroup;
			children = (
				BF37D9D82AB939A4005331AD /* Base */,
			);
			name = LaunchScreen.storyboard;
			sourceTree = "<group>";
		};
/* End PBXVariantGroup section */

/* Begin XCBuildConfiguration section */
		BF37D9DB2AB939A4005331AD /* Debug */ = {
			isa = XCBuildConfiguration;
			buildSettings = {
				ALWAYS_SEARCH_USER_PATHS = NO;
				CLANG_ANALYZER_NONNULL = YES;
				CLANG_ANALYZER_NUMBER_OBJECT_CONVERSION = YES_AGGRESSIVE;
				CLANG_CXX_LANGUAGE_STANDARD = "gnu++20";
				CLANG_ENABLE_MODULES = YES;
				CLANG_ENABLE_OBJC_ARC = YES;
				CLANG_ENABLE_OBJC_WEAK = YES;
				CLANG_WARN_BLOCK_CAPTURE_AUTORELEASING = YES;
				CLANG_WARN_BOOL_CONVERSION = YES;
				CLANG_WARN_COMMA = YES;
				CLANG_WARN_CONSTANT_CONVERSION = YES;
				CLANG_WARN_DEPRECATED_OBJC_IMPLEMENTATIONS = YES;
				CLANG_WARN_DIRECT_OBJC_ISA_USAGE = YES_ERROR;
				CLANG_WARN_DOCUMENTATION_COMMENTS = YES;
				CLANG_WARN_EMPTY_BODY = YES;
				CLANG_WARN_ENUM_CONVERSION = YES;
				CLANG_WARN_INFINITE_RECURSION = YES;
				CLANG_WARN_INT_CONVERSION = YES;
				CLANG_WARN_NON_LITERAL_NULL_CONVERSION = YES;
				CLANG_WARN_OBJC_IMPLICIT_RETAIN_SELF = YES;
				CLANG_WARN_OBJC_LITERAL_CONVERSION = YES;
				CLANG_WARN_OBJC_ROOT_CLASS = YES_ERROR;
				CLANG_WARN_QUOTED_INCLUDE_IN_FRAMEWORK_HEADER = YES;
				CLANG_WARN_RANGE_LOOP_ANALYSIS = YES;
				CLANG_WARN_STRICT_PROTOTYPES = YES;
				CLANG_WARN_SUSPICIOUS_MOVE = YES;
				CLANG_WARN_UNGUARDED_AVAILABILITY = YES_AGGRESSIVE;
				CLANG_WARN_UNREACHABLE_CODE = YES;
				CLANG_WARN__DUPLICATE_METHOD_MATCH = YES;
				COPY_PHASE_STRIP = NO;
				DEBUG_INFORMATION_FORMAT = dwarf;
				ENABLE_STRICT_OBJC_MSGSEND = YES;
				ENABLE_TESTABILITY = YES;
				ENABLE_USER_SCRIPT_SANDBOXING = NO;
				GCC_C_LANGUAGE_STANDARD = gnu11;
				GCC_DYNAMIC_NO_PIC = NO;
				GCC_NO_COMMON_BLOCKS = YES;
				GCC_OPTIMIZATION_LEVEL = 0;
				GCC_PREPROCESSOR_DEFINITIONS = (
					"DEBUG=1",
					"$(inherited)",
				);
				GCC_WARN_64_TO_32_BIT_CONVERSION = YES;
				GCC_WARN_ABOUT_RETURN_TYPE = YES_ERROR;
				GCC_WARN_UNDECLARED_SELECTOR = YES;
				GCC_WARN_UNINITIALIZED_AUTOS = YES_AGGRESSIVE;
				GCC_WARN_UNUSED_FUNCTION = YES;
				GCC_WARN_UNUSED_VARIABLE = YES;
				IPHONEOS_DEPLOYMENT_TARGET = 16.2;
				MTL_ENABLE_DEBUG_INFO = INCLUDE_SOURCE;
				MTL_FAST_MATH = YES;
				ONLY_ACTIVE_ARCH = YES;
				SDKROOT = iphoneos;
				SWIFT_ACTIVE_COMPILATION_CONDITIONS = DEBUG;
				SWIFT_OPTIMIZATION_LEVEL = "-Onone";
			};
			name = Debug;
		};
		BF37D9DC2AB939A4005331AD /* Release */ = {
			isa = XCBuildConfiguration;
			buildSettings = {
				ALWAYS_SEARCH_USER_PATHS = NO;
				CLANG_ANALYZER_NONNULL = YES;
				CLANG_ANALYZER_NUMBER_OBJECT_CONVERSION = YES_AGGRESSIVE;
				CLANG_CXX_LANGUAGE_STANDARD = "gnu++20";
				CLANG_ENABLE_MODULES = YES;
				CLANG_ENABLE_OBJC_ARC = YES;
				CLANG_ENABLE_OBJC_WEAK = YES;
				CLANG_WARN_BLOCK_CAPTURE_AUTORELEASING = YES;
				CLANG_WARN_BOOL_CONVERSION = YES;
				CLANG_WARN_COMMA = YES;
				CLANG_WARN_CONSTANT_CONVERSION = YES;
				CLANG_WARN_DEPRECATED_OBJC_IMPLEMENTATIONS = YES;
				CLANG_WARN_DIRECT_OBJC_ISA_USAGE = YES_ERROR;
				CLANG_WARN_DOCUMENTATION_COMMENTS = YES;
				CLANG_WARN_EMPTY_BODY = YES;
				CLANG_WARN_ENUM_CONVERSION = YES;
				CLANG_WARN_INFINITE_RECURSION = YES;
				CLANG_WARN_INT_CONVERSION = YES;
				CLANG_WARN_NON_LITERAL_NULL_CONVERSION = YES;
				CLANG_WARN_OBJC_IMPLICIT_RETAIN_SELF = YES;
				CLANG_WARN_OBJC_LITERAL_CONVERSION = YES;
				CLANG_WARN_OBJC_ROOT_CLASS = YES_ERROR;
				CLANG_WARN_QUOTED_INCLUDE_IN_FRAMEWORK_HEADER = YES;
				CLANG_WARN_RANGE_LOOP_ANALYSIS = YES;
				CLANG_WARN_STRICT_PROTOTYPES = YES;
				CLANG_WARN_SUSPICIOUS_MOVE = YES;
				CLANG_WARN_UNGUARDED_AVAILABILITY = YES_AGGRESSIVE;
				CLANG_WARN_UNREACHABLE_CODE = YES;
				CLANG_WARN__DUPLICATE_METHOD_MATCH = YES;
				COPY_PHASE_STRIP = NO;
				DEBUG_INFORMATION_FORMAT = "dwarf-with-dsym";
				ENABLE_NS_ASSERTIONS = NO;
				ENABLE_STRICT_OBJC_MSGSEND = YES;
				ENABLE_USER_SCRIPT_SANDBOXING = NO;
				GCC_C_LANGUAGE_STANDARD = gnu11;
				GCC_NO_COMMON_BLOCKS = YES;
				GCC_WARN_64_TO_32_BIT_CONVERSION = YES;
				GCC_WARN_ABOUT_RETURN_TYPE = YES_ERROR;
				GCC_WARN_UNDECLARED_SELECTOR = YES;
				GCC_WARN_UNINITIALIZED_AUTOS = YES_AGGRESSIVE;
				GCC_WARN_UNUSED_FUNCTION = YES;
				GCC_WARN_UNUSED_VARIABLE = YES;
				IPHONEOS_DEPLOYMENT_TARGET = 16.2;
				MTL_ENABLE_DEBUG_INFO = NO;
				MTL_FAST_MATH = YES;
				SDKROOT = iphoneos;
				SWIFT_COMPILATION_MODE = wholemodule;
				SWIFT_OPTIMIZATION_LEVEL = "-O";
				VALIDATE_PRODUCT = YES;
			};
			name = Release;
		};
		BF37D9DE2AB939A4005331AD /* Debug */ = {
			isa = XCBuildConfiguration;
			buildSettings = {
				ASSETCATALOG_COMPILER_APPICON_NAME = AppIcon;
				ASSETCATALOG_COMPILER_GLOBAL_ACCENT_COLOR_NAME = AccentColor;
				CODE_SIGN_ENTITLEMENTS = Carmu/Carmu.entitlements;
				"CODE_SIGN_IDENTITY[sdk=iphoneos*]" = "iPhone Developer";
				CODE_SIGN_STYLE = Manual;
				CURRENT_PROJECT_VERSION = 1;
				DEVELOPMENT_TEAM = "";
				"DEVELOPMENT_TEAM[sdk=iphoneos*]" = RCM87YWJ79;
				GENERATE_INFOPLIST_FILE = YES;
				INFOPLIST_FILE = Carmu/Info.plist;
				INFOPLIST_KEY_CFBundleDisplayName = "카뮤";
				INFOPLIST_KEY_NSLocationWhenInUseUsageDescription = "탑승자에게 위치 정보를 제공하기 위해 권한이 필요합니다.";
				INFOPLIST_KEY_UIApplicationSupportsIndirectInputEvents = YES;
				INFOPLIST_KEY_UILaunchStoryboardName = LaunchScreen;
				INFOPLIST_KEY_UISupportedInterfaceOrientations = UIInterfaceOrientationPortrait;
				INFOPLIST_KEY_UISupportedInterfaceOrientations_iPad = "UIInterfaceOrientationLandscapeLeft UIInterfaceOrientationLandscapeRight UIInterfaceOrientationPortrait UIInterfaceOrientationPortraitUpsideDown";
				IPHONEOS_DEPLOYMENT_TARGET = 16.0;
				LD_RUNPATH_SEARCH_PATHS = (
					"$(inherited)",
					"@executable_path/Frameworks",
				);
				MARKETING_VERSION = 1.0.1;
				OTHER_LDFLAGS = (
					"-Xlinker",
					"-no_warn_duplicate_libraries",
				);
				PRODUCT_BUNDLE_IDENTIFIER = com.dgc.carmunication;
				PRODUCT_NAME = "$(TARGET_NAME)";
				PROVISIONING_PROFILE_SPECIFIER = "";
				"PROVISIONING_PROFILE_SPECIFIER[sdk=iphoneos*]" = Carmu_Development;
				SUPPORTED_PLATFORMS = "iphoneos iphonesimulator";
				SUPPORTS_MACCATALYST = NO;
				SUPPORTS_MAC_DESIGNED_FOR_IPHONE_IPAD = NO;
				SWIFT_EMIT_LOC_STRINGS = YES;
				SWIFT_VERSION = 5.0;
				TARGETED_DEVICE_FAMILY = 1;
			};
			name = Debug;
		};
		BF37D9DF2AB939A4005331AD /* Release */ = {
			isa = XCBuildConfiguration;
			buildSettings = {
				ASSETCATALOG_COMPILER_APPICON_NAME = AppIcon;
				ASSETCATALOG_COMPILER_GLOBAL_ACCENT_COLOR_NAME = AccentColor;
				CODE_SIGN_ENTITLEMENTS = Carmu/Carmu.entitlements;
				"CODE_SIGN_IDENTITY[sdk=iphoneos*]" = "iPhone Distribution";
				CODE_SIGN_STYLE = Manual;
				CURRENT_PROJECT_VERSION = 1;
				DEVELOPMENT_TEAM = "";
				"DEVELOPMENT_TEAM[sdk=iphoneos*]" = RCM87YWJ79;
				GENERATE_INFOPLIST_FILE = YES;
				INFOPLIST_FILE = Carmu/Info.plist;
				INFOPLIST_KEY_CFBundleDisplayName = "카뮤";
				INFOPLIST_KEY_NSLocationWhenInUseUsageDescription = "탑승자에게 위치 정보를 제공하기 위해 권한이 필요합니다.";
				INFOPLIST_KEY_UIApplicationSupportsIndirectInputEvents = YES;
				INFOPLIST_KEY_UILaunchStoryboardName = LaunchScreen;
				INFOPLIST_KEY_UISupportedInterfaceOrientations = UIInterfaceOrientationPortrait;
				INFOPLIST_KEY_UISupportedInterfaceOrientations_iPad = "UIInterfaceOrientationLandscapeLeft UIInterfaceOrientationLandscapeRight UIInterfaceOrientationPortrait UIInterfaceOrientationPortraitUpsideDown";
				IPHONEOS_DEPLOYMENT_TARGET = 16.0;
				LD_RUNPATH_SEARCH_PATHS = (
					"$(inherited)",
					"@executable_path/Frameworks",
				);
				MARKETING_VERSION = 1.0.1;
				OTHER_LDFLAGS = (
					"-Xlinker",
					"-no_warn_duplicate_libraries",
				);
				PRODUCT_BUNDLE_IDENTIFIER = com.dgc.carmunication;
				PRODUCT_NAME = "$(TARGET_NAME)";
				PROVISIONING_PROFILE_SPECIFIER = "";
				"PROVISIONING_PROFILE_SPECIFIER[sdk=iphoneos*]" = Carmu_Distribution;
				SUPPORTED_PLATFORMS = "iphoneos iphonesimulator";
				SUPPORTS_MACCATALYST = NO;
				SUPPORTS_MAC_DESIGNED_FOR_IPHONE_IPAD = NO;
				SWIFT_EMIT_LOC_STRINGS = YES;
				SWIFT_VERSION = 5.0;
				TARGETED_DEVICE_FAMILY = 1;
			};
			name = Release;
		};
/* End XCBuildConfiguration section */

/* Begin XCConfigurationList section */
		BF37D9C42AB939A3005331AD /* Build configuration list for PBXProject "Carmu" */ = {
			isa = XCConfigurationList;
			buildConfigurations = (
				BF37D9DB2AB939A4005331AD /* Debug */,
				BF37D9DC2AB939A4005331AD /* Release */,
			);
			defaultConfigurationIsVisible = 0;
			defaultConfigurationName = Release;
		};
		BF37D9DD2AB939A4005331AD /* Build configuration list for PBXNativeTarget "Carmu" */ = {
			isa = XCConfigurationList;
			buildConfigurations = (
				BF37D9DE2AB939A4005331AD /* Debug */,
				BF37D9DF2AB939A4005331AD /* Release */,
			);
			defaultConfigurationIsVisible = 0;
			defaultConfigurationName = Release;
		};
/* End XCConfigurationList section */

/* Begin XCRemoteSwiftPackageReference section */
		B8A20E3B2AC0B46E00F0CE91 /* XCRemoteSwiftPackageReference "firebase-ios-sdk" */ = {
			isa = XCRemoteSwiftPackageReference;
			repositoryURL = "https://github.com/firebase/firebase-ios-sdk.git";
			requirement = {
				kind = upToNextMajorVersion;
				minimumVersion = 10.0.0;
			};
		};
		BF7DF9C42ACA6E21001178AF /* XCRemoteSwiftPackageReference "NMapsMap" */ = {
			isa = XCRemoteSwiftPackageReference;
			repositoryURL = "https://github.com/jaemyeong/NMapsMap";
			requirement = {
				kind = upToNextMajorVersion;
				minimumVersion = 3.17.0;
			};
		};
		BFE876B62AC809A300573B92 /* XCRemoteSwiftPackageReference "SnapKit" */ = {
			isa = XCRemoteSwiftPackageReference;
			repositoryURL = "https://github.com/SnapKit/SnapKit.git";
			requirement = {
				kind = upToNextMajorVersion;
				minimumVersion = 5.6.0;
			};
		};
/* End XCRemoteSwiftPackageReference section */

/* Begin XCSwiftPackageProductDependency section */
		161854A62ADFB76600961D2D /* FirebaseMessaging */ = {
			isa = XCSwiftPackageProductDependency;
			package = B8A20E3B2AC0B46E00F0CE91 /* XCRemoteSwiftPackageReference "firebase-ios-sdk" */;
			productName = FirebaseMessaging;
		};
		163FA6592AE15F04005F2A77 /* FirebaseFunctions */ = {
			isa = XCSwiftPackageProductDependency;
			package = B8A20E3B2AC0B46E00F0CE91 /* XCRemoteSwiftPackageReference "firebase-ios-sdk" */;
			productName = FirebaseFunctions;
		};
		B8A20E3C2AC0B46E00F0CE91 /* FirebaseAnalytics */ = {
			isa = XCSwiftPackageProductDependency;
			package = B8A20E3B2AC0B46E00F0CE91 /* XCRemoteSwiftPackageReference "firebase-ios-sdk" */;
			productName = FirebaseAnalytics;
		};
		B8A20E3E2AC0B46E00F0CE91 /* FirebaseAuth */ = {
			isa = XCSwiftPackageProductDependency;
			package = B8A20E3B2AC0B46E00F0CE91 /* XCRemoteSwiftPackageReference "firebase-ios-sdk" */;
			productName = FirebaseAuth;
		};
		BF24481C2AD6D66200F4089A /* FirebaseDatabase */ = {
			isa = XCSwiftPackageProductDependency;
			package = B8A20E3B2AC0B46E00F0CE91 /* XCRemoteSwiftPackageReference "firebase-ios-sdk" */;
			productName = FirebaseDatabase;
		};
		BF7DF9C52ACA6E21001178AF /* NMapsMap */ = {
			isa = XCSwiftPackageProductDependency;
			package = BF7DF9C42ACA6E21001178AF /* XCRemoteSwiftPackageReference "NMapsMap" */;
			productName = NMapsMap;
		};
		BFE876B72AC809A300573B92 /* SnapKit */ = {
			isa = XCSwiftPackageProductDependency;
			package = BFE876B62AC809A300573B92 /* XCRemoteSwiftPackageReference "SnapKit" */;
			productName = SnapKit;
		};
/* End XCSwiftPackageProductDependency section */
	};
	rootObject = BF37D9C12AB939A3005331AD /* Project object */;
}
